// !$*UTF8*$!
{
	archiveVersion = 1;
	classes = {
	};
	objectVersion = 46;
	objects = {

/* Begin PBXBuildFile section */
		70BFC53D1C893B5500363451 /* main.m in Sources */ = {isa = PBXBuildFile; fileRef = 70BFC53C1C893B5500363451 /* main.m */; };
		70BFC5401C893B5500363451 /* AppDelegate.m in Sources */ = {isa = PBXBuildFile; fileRef = 70BFC53F1C893B5500363451 /* AppDelegate.m */; };
		70BFC5431C893B5500363451 /* ViewController.m in Sources */ = {isa = PBXBuildFile; fileRef = 70BFC5421C893B5500363451 /* ViewController.m */; };
		70BFC5461C893B5500363451 /* Main.storyboard in Resources */ = {isa = PBXBuildFile; fileRef = 70BFC5441C893B5500363451 /* Main.storyboard */; };
		70BFC5481C893B5500363451 /* Assets.xcassets in Resources */ = {isa = PBXBuildFile; fileRef = 70BFC5471C893B5500363451 /* Assets.xcassets */; };
		70BFC54B1C893B5500363451 /* LaunchScreen.storyboard in Resources */ = {isa = PBXBuildFile; fileRef = 70BFC5491C893B5500363451 /* LaunchScreen.storyboard */; };
		70BFC5671C89650100363451 /* Person.m in Sources */ = {isa = PBXBuildFile; fileRef = 70BFC5661C89650100363451 /* Person.m */; };
/* End PBXBuildFile section */

/* Begin PBXFileReference section */
		70BFC5381C893B5500363451 /* 01-Runtime(消息机制).app */ = {isa = PBXFileReference; explicitFileType = wrapper.application; includeInIndex = 0; path = "01-Runtime(消息机制).app"; sourceTree = BUILT_PRODUCTS_DIR; };
		70BFC53C1C893B5500363451 /* main.m */ = {isa = PBXFileReference; lastKnownFileType = sourcecode.c.objc; path = main.m; sourceTree = "<group>"; };
		70BFC53E1C893B5500363451 /* AppDelegate.h */ = {isa = PBXFileReference; lastKnownFileType = sourcecode.c.h; path = AppDelegate.h; sourceTree = "<group>"; };
		70BFC53F1C893B5500363451 /* AppDelegate.m */ = {isa = PBXFileReference; lastKnownFileType = sourcecode.c.objc; path = AppDelegate.m; sourceTree = "<group>"; };
		70BFC5411C893B5500363451 /* ViewController.h */ = {isa = PBXFileReference; lastKnownFileType = sourcecode.c.h; path = ViewController.h; sourceTree = "<group>"; };
		70BFC5421C893B5500363451 /* ViewController.m */ = {isa = PBXFileReference; lastKnownFileType = sourcecode.c.objc; path = ViewController.m; sourceTree = "<group>"; };
		70BFC5451C893B5500363451 /* Base */ = {isa = PBXFileReference; lastKnownFileType = file.storyboard; name = Base; path = Base.lproj/Main.storyboard; sourceTree = "<group>"; };
		70BFC5471C893B5500363451 /* Assets.xcassets */ = {isa = PBXFileReference; lastKnownFileType = folder.assetcatalog; path = Assets.xcassets; sourceTree = "<group>"; };
		70BFC54A1C893B5500363451 /* Base */ = {isa = PBXFileReference; lastKnownFileType = file.storyboard; name = Base; path = Base.lproj/LaunchScreen.storyboard; sourceTree = "<group>"; };
		70BFC54C1C893B5500363451 /* Info.plist */ = {isa = PBXFileReference; lastKnownFileType = text.plist.xml; path = Info.plist; sourceTree = "<group>"; };
		70BFC5651C89650100363451 /* Person.h */ = {isa = PBXFileReference; fileEncoding = 4; lastKnownFileType = sourcecode.c.h; path = Person.h; sourceTree = "<group>"; };
		70BFC5661C89650100363451 /* Person.m */ = {isa = PBXFileReference; fileEncoding = 4; lastKnownFileType = sourcecode.c.objc; path = Person.m; sourceTree = "<group>"; };
/* End PBXFileReference section */

/* Begin PBXFrameworksBuildPhase section */
		70BFC5351C893B5500363451 /* Frameworks */ = {
			isa = PBXFrameworksBuildPhase;
			buildActionMask = 2147483647;
			files = (
			);
			runOnlyForDeploymentPostprocessing = 0;
		};
/* End PBXFrameworksBuildPhase section */

/* Begin PBXGroup section */
		70BFC52F1C893B5500363451 = {
			isa = PBXGroup;
			children = (
				70BFC53A1C893B5500363451 /* 01-Runtime(消息机制) */,
				70BFC5391C893B5500363451 /* Products */,
			);
			sourceTree = "<group>";
		};
		70BFC5391C893B5500363451 /* Products */ = {
			isa = PBXGroup;
			children = (
				70BFC5381C893B5500363451 /* 01-Runtime(消息机制).app */,
			);
			name = Products;
			sourceTree = "<group>";
		};
		70BFC53A1C893B5500363451 /* 01-Runtime(消息机制) */ = {
			isa = PBXGroup;
			children = (
				70BFC53E1C893B5500363451 /* AppDelegate.h */,
				70BFC53F1C893B5500363451 /* AppDelegate.m */,
				70BFC5411C893B5500363451 /* ViewController.h */,
				70BFC5421C893B5500363451 /* ViewController.m */,
				70BFC5441C893B5500363451 /* Main.storyboard */,
				70BFC5471C893B5500363451 /* Assets.xcassets */,
				70BFC5491C893B5500363451 /* LaunchScreen.storyboard */,
				70BFC54C1C893B5500363451 /* Info.plist */,
				70BFC53B1C893B5500363451 /* Supporting Files */,
				70BFC5651C89650100363451 /* Person.h */,
				70BFC5661C89650100363451 /* Person.m */,
			);
			path = "01-Runtime(消息机制)";
			sourceTree = "<group>";
		};
		70BFC53B1C893B5500363451 /* Supporting Files */ = {
			isa = PBXGroup;
			children = (
				70BFC53C1C893B5500363451 /* main.m */,
			);
			name = "Supporting Files";
			sourceTree = "<group>";
		};
/* End PBXGroup section */

/* Begin PBXNativeTarget section */
		70BFC5371C893B5500363451 /* 01-Runtime(消息机制) */ = {
			isa = PBXNativeTarget;
			buildConfigurationList = 70BFC54F1C893B5500363451 /* Build configuration list for PBXNativeTarget "01-Runtime(消息机制)" */;
			buildPhases = (
				70BFC5341C893B5500363451 /* Sources */,
				70BFC5351C893B5500363451 /* Frameworks */,
				70BFC5361C893B5500363451 /* Resources */,
			);
			buildRules = (
			);
			dependencies = (
			);
			name = "01-Runtime(消息机制)";
			productName = "01-Runtime(消息机制)";
			productReference = 70BFC5381C893B5500363451 /* 01-Runtime(消息机制).app */;
			productType = "com.apple.product-type.application";
		};
/* End PBXNativeTarget section */

/* Begin PBXProject section */
		70BFC5301C893B5500363451 /* Project object */ = {
			isa = PBXProject;
			attributes = {
				LastUpgradeCheck = 0720;
				ORGANIZATIONNAME = "小码哥";
				TargetAttributes = {
					70BFC5371C893B5500363451 = {
						CreatedOnToolsVersion = 7.2;
						DevelopmentTeam = GQ2CH5MRX4;
					};
				};
			};
			buildConfigurationList = 70BFC5331C893B5500363451 /* Build configuration list for PBXProject "01-Runtime(消息机制)" */;
			compatibilityVersion = "Xcode 3.2";
			developmentRegion = English;
			hasScannedForEncodings = 0;
			knownRegions = (
				en,
				Base,
			);
			mainGroup = 70BFC52F1C893B5500363451;
			productRefGroup = 70BFC5391C893B5500363451 /* Products */;
			projectDirPath = "";
			projectRoot = "";
			targets = (
				70BFC5371C893B5500363451 /* 01-Runtime(消息机制) */,
			);
		};
/* End PBXProject section */

/* Begin PBXResourcesBuildPhase section */
		70BFC5361C893B5500363451 /* Resources */ = {
			isa = PBXResourcesBuildPhase;
			buildActionMask = 2147483647;
			files = (
				70BFC54B1C893B5500363451 /* LaunchScreen.storyboard in Resources */,
				70BFC5481C893B5500363451 /* Assets.xcassets in Resources */,
				70BFC5461C893B5500363451 /* Main.storyboard in Resources */,
			);
			runOnlyForDeploymentPostprocessing = 0;
		};
/* End PBXResourcesBuildPhase section */

/* Begin PBXSourcesBuildPhase section */
		70BFC5341C893B5500363451 /* Sources */ = {
			isa = PBXSourcesBuildPhase;
			buildActionMask = 2147483647;
			files = (
				70BFC5431C893B5500363451 /* ViewController.m in Sources */,
				70BFC5401C893B5500363451 /* AppDelegate.m in Sources */,
				70BFC5671C89650100363451 /* Person.m in Sources */,
				70BFC53D1C893B5500363451 /* main.m in Sources */,
			);
			runOnlyForDeploymentPostprocessing = 0;
		};
/* End PBXSourcesBuildPhase section */

/* Begin PBXVariantGroup section */
		70BFC5441C893B5500363451 /* Main.storyboard */ = {
			isa = PBXVariantGroup;
			children = (
				70BFC5451C893B5500363451 /* Base */,
			);
			name = Main.storyboard;
			sourceTree = "<group>";
		};
		70BFC5491C893B5500363451 /* LaunchScreen.storyboard */ = {
			isa = PBXVariantGroup;
			children = (
				70BFC54A1C893B5500363451 /* Base */,
			);
			name = LaunchScreen.storyboard;
			sourceTree = "<group>";
		};
/* End PBXVariantGroup section */

/* Begin XCBuildConfiguration section */
		70BFC54D1C893B5500363451 /* Debug */ = {
			isa = XCBuildConfiguration;
			buildSettings = {
				ALWAYS_SEARCH_USER_PATHS = NO;
				CLANG_CXX_LANGUAGE_STANDARD = "gnu++0x";
				CLANG_CXX_LIBRARY = "libc++";
				CLANG_ENABLE_MODULES = YES;
				CLANG_ENABLE_OBJC_ARC = YES;
				CLANG_WARN_BOOL_CONVERSION = YES;
				CLANG_WARN_CONSTANT_CONVERSION = YES;
				CLANG_WARN_DIRECT_OBJC_ISA_USAGE = YES_ERROR;
				CLANG_WARN_EMPTY_BODY = YES;
				CLANG_WARN_ENUM_CONVERSION = YES;
				CLANG_WARN_INT_CONVERSION = YES;
				CLANG_WARN_OBJC_ROOT_CLASS = YES_ERROR;
				CLANG_WARN_UNREACHABLE_CODE = YES;
				CLANG_WARN__DUPLICATE_METHOD_MATCH = YES;
				"CODE_SIGN_IDENTITY[sdk=iphoneos*]" = "iPhone Developer";
				COPY_PHASE_STRIP = NO;
				DEBUG_INFORMATION_FORMAT = dwarf;
				ENABLE_STRICT_OBJC_MSGSEND = YES;
				ENABLE_TESTABILITY = YES;
				GCC_C_LANGUAGE_STANDARD = gnu99;
				GCC_DYNAMIC_NO_PIC = NO;
				GCC_NO_COMMON_BLOCKS = YES;
				GCC_OPTIMIZATION_LEVEL = 0;
				GCC_PREPROCESSOR_DEFINITIONS = (
					"DEBUG=1",
					"$(inherited)",
				);
				GCC_WARN_64_TO_32_BIT_CONVERSION = YES;
				GCC_WARN_ABOUT_RETURN_TYPE = YES_ERROR;
				GCC_WARN_UNDECLARED_SELECTOR = YES;
				GCC_WARN_UNINITIALIZED_AUTOS = YES_AGGRESSIVE;
				GCC_WARN_UNUSED_FUNCTION = YES;
				GCC_WARN_UNUSED_VARIABLE = YES;
				IPHONEOS_DEPLOYMENT_TARGET = 9.2;
				MTL_ENABLE_DEBUG_INFO = YES;
				ONLY_ACTIVE_ARCH = YES;
				SDKROOT = iphoneos;
			};
			name = Debug;
		};
		70BFC54E1C893B5500363451 /* Release */ = {
			isa = XCBuildConfiguration;
			buildSettings = {
				ALWAYS_SEARCH_USER_PATHS = NO;
				CLANG_CXX_LANGUAGE_STANDARD = "gnu++0x";
				CLANG_CXX_LIBRARY = "libc++";
				CLANG_ENABLE_MODULES = YES;
				CLANG_ENABLE_OBJC_ARC = YES;
				CLANG_WARN_BOOL_CONVERSION = YES;
				CLANG_WARN_CONSTANT_CONVERSION = YES;
				CLANG_WARN_DIRECT_OBJC_ISA_USAGE = YES_ERROR;
				CLANG_WARN_EMPTY_BODY = YES;
				CLANG_WARN_ENUM_CONVERSION = YES;
				CLANG_WARN_INT_CONVERSION = YES;
				CLANG_WARN_OBJC_ROOT_CLASS = YES_ERROR;
				CLANG_WARN_UNREACHABLE_CODE = YES;
				CLANG_WARN__DUPLICATE_METHOD_MATCH = YES;
				"CODE_SIGN_IDENTITY[sdk=iphoneos*]" = "iPhone Developer";
				COPY_PHASE_STRIP = NO;
				DEBUG_INFORMATION_FORMAT = "dwarf-with-dsym";
				ENABLE_NS_ASSERTIONS = NO;
				ENABLE_STRICT_OBJC_MSGSEND = YES;
				GCC_C_LANGUAGE_STANDARD = gnu99;
				GCC_NO_COMMON_BLOCKS = YES;
				GCC_WARN_64_TO_32_BIT_CONVERSION = YES;
				GCC_WARN_ABOUT_RETURN_TYPE = YES_ERROR;
				GCC_WARN_UNDECLARED_SELECTOR = YES;
				GCC_WARN_UNINITIALIZED_AUTOS = YES_AGGRESSIVE;
				GCC_WARN_UNUSED_FUNCTION = YES;
				GCC_WARN_UNUSED_VARIABLE = YES;
				IPHONEOS_DEPLOYMENT_TARGET = 9.2;
				MTL_ENABLE_DEBUG_INFO = NO;
				SDKROOT = iphoneos;
				VALIDATE_PRODUCT = YES;
			};
			name = Release;
		};
		70BFC5501C893B5500363451 /* Debug */ = {
			isa = XCBuildConfiguration;
			buildSettings = {
				ASSETCATALOG_COMPILER_APPICON_NAME = AppIcon;
				ENABLE_STRICT_OBJC_MSGSEND = NO;
				INFOPLIST_FILE = "01-Runtime(消息机制)/Info.plist";
				LD_RUNPATH_SEARCH_PATHS = "$(inherited) @executable_path/Frameworks";
				PRODUCT_BUNDLE_IDENTIFIER = "com.520it.-1-Runtime------";
				PRODUCT_NAME = "$(TARGET_NAME)";
			};
			name = Debug;
		};
		70BFC5511C893B5500363451 /* Release */ = {
			isa = XCBuildConfiguration;
			buildSettings = {
				ASSETCATALOG_COMPILER_APPICON_NAME = AppIcon;
				ENABLE_STRICT_OBJC_MSGSEND = NO;
				INFOPLIST_FILE = "01-Runtime(消息机制)/Info.plist";
				LD_RUNPATH_SEARCH_PATHS = "$(inherited) @executable_path/Frameworks";
				PRODUCT_BUNDLE_IDENTIFIER = "com.520it.-1-Runtime------";
				PRODUCT_NAME = "$(TARGET_NAME)";
			};
			name = Release;
		};
/* End XCBuildConfiguration section */

/* Begin XCConfigurationList section */
		70BFC5331C893B5500363451 /* Build configuration list for PBXProject "01-Runtime(消息机制)" */ = {
			isa = XCConfigurationList;
			buildConfigurations = (
				70BFC54D1C893B5500363451 /* Debug */,
				70BFC54E1C893B5500363451 /* Release */,
			);
			defaultConfigurationIsVisible = 0;
			defaultConfigurationName = Release;
		};
		70BFC54F1C893B5500363451 /* Build configuration list for PBXNativeTarget "01-Runtime(消息机制)" */ = {
			isa = XCConfigurationList;
			buildConfigurations = (
				70BFC5501C893B5500363451 /* Debug */,
				70BFC5511C893B5500363451 /* Release */,
			);
			defaultConfigurationIsVisible = 0;
		};
/* End XCConfigurationList section */
	};
	rootObject = 70BFC5301C893B5500363451 /* Project object */;
}
