// !$*UTF8*$!
{
	archiveVersion = 1;
	classes = {
	};
	objectVersion = 46;
	objects = {

/* Begin PBXBuildFile section */
		70E1FD701C536835009256B3 /* main.m in Sources */ = {isa = PBXBuildFile; fileRef = 70E1FD6F1C536835009256B3 /* main.m */; };
		70E1FD731C536835009256B3 /* AppDelegate.m in Sources */ = {isa = PBXBuildFile; fileRef = 70E1FD721C536835009256B3 /* AppDelegate.m */; };
		70E1FD761C536835009256B3 /* ViewController.m in Sources */ = {isa = PBXBuildFile; fileRef = 70E1FD751C536835009256B3 /* ViewController.m */; };
		70E1FD791C536835009256B3 /* Main.storyboard in Resources */ = {isa = PBXBuildFile; fileRef = 70E1FD771C536835009256B3 /* Main.storyboard */; };
		70E1FD7B1C536835009256B3 /* Assets.xcassets in Resources */ = {isa = PBXBuildFile; fileRef = 70E1FD7A1C536835009256B3 /* Assets.xcassets */; };
		70E1FD7E1C536835009256B3 /* LaunchScreen.storyboard in Resources */ = {isa = PBXBuildFile; fileRef = 70E1FD7C1C536835009256B3 /* LaunchScreen.storyboard */; };
		70E1FD871C536C6F009256B3 /* DrawView.m in Sources */ = {isa = PBXBuildFile; fileRef = 70E1FD861C536C6F009256B3 /* DrawView.m */; };
		70E1FD8A1C5378B4009256B3 /* MyBezierPath.m in Sources */ = {isa = PBXBuildFile; fileRef = 70E1FD891C5378B4009256B3 /* MyBezierPath.m */; };
		70E1FD8D1C5393BA009256B3 /* HandleImageView.m in Sources */ = {isa = PBXBuildFile; fileRef = 70E1FD8C1C5393BA009256B3 /* HandleImageView.m */; };
/* End PBXBuildFile section */

/* Begin PBXFileReference section */
		70E1FD6B1C536835009256B3 /* 10-画板.app */ = {isa = PBXFileReference; explicitFileType = wrapper.application; includeInIndex = 0; path = "10-画板.app"; sourceTree = BUILT_PRODUCTS_DIR; };
		70E1FD6F1C536835009256B3 /* main.m */ = {isa = PBXFileReference; lastKnownFileType = sourcecode.c.objc; path = main.m; sourceTree = "<group>"; };
		70E1FD711C536835009256B3 /* AppDelegate.h */ = {isa = PBXFileReference; lastKnownFileType = sourcecode.c.h; path = AppDelegate.h; sourceTree = "<group>"; };
		70E1FD721C536835009256B3 /* AppDelegate.m */ = {isa = PBXFileReference; lastKnownFileType = sourcecode.c.objc; path = AppDelegate.m; sourceTree = "<group>"; };
		70E1FD741C536835009256B3 /* ViewController.h */ = {isa = PBXFileReference; lastKnownFileType = sourcecode.c.h; path = ViewController.h; sourceTree = "<group>"; };
		70E1FD751C536835009256B3 /* ViewController.m */ = {isa = PBXFileReference; lastKnownFileType = sourcecode.c.objc; path = ViewController.m; sourceTree = "<group>"; };
		70E1FD781C536835009256B3 /* Base */ = {isa = PBXFileReference; lastKnownFileType = file.storyboard; name = Base; path = Base.lproj/Main.storyboard; sourceTree = "<group>"; };
		70E1FD7A1C536835009256B3 /* Assets.xcassets */ = {isa = PBXFileReference; lastKnownFileType = folder.assetcatalog; path = Assets.xcassets; sourceTree = "<group>"; };
		70E1FD7D1C536835009256B3 /* Base */ = {isa = PBXFileReference; lastKnownFileType = file.storyboard; name = Base; path = Base.lproj/LaunchScreen.storyboard; sourceTree = "<group>"; };
		70E1FD7F1C536835009256B3 /* Info.plist */ = {isa = PBXFileReference; lastKnownFileType = text.plist.xml; path = Info.plist; sourceTree = "<group>"; };
		70E1FD851C536C6F009256B3 /* DrawView.h */ = {isa = PBXFileReference; fileEncoding = 4; lastKnownFileType = sourcecode.c.h; path = DrawView.h; sourceTree = "<group>"; };
		70E1FD861C536C6F009256B3 /* DrawView.m */ = {isa = PBXFileReference; fileEncoding = 4; lastKnownFileType = sourcecode.c.objc; path = DrawView.m; sourceTree = "<group>"; };
		70E1FD881C5378B4009256B3 /* MyBezierPath.h */ = {isa = PBXFileReference; fileEncoding = 4; lastKnownFileType = sourcecode.c.h; path = MyBezierPath.h; sourceTree = "<group>"; };
		70E1FD891C5378B4009256B3 /* MyBezierPath.m */ = {isa = PBXFileReference; fileEncoding = 4; lastKnownFileType = sourcecode.c.objc; path = MyBezierPath.m; sourceTree = "<group>"; };
		70E1FD8B1C5393BA009256B3 /* HandleImageView.h */ = {isa = PBXFileReference; fileEncoding = 4; lastKnownFileType = sourcecode.c.h; path = HandleImageView.h; sourceTree = "<group>"; };
		70E1FD8C1C5393BA009256B3 /* HandleImageView.m */ = {isa = PBXFileReference; fileEncoding = 4; lastKnownFileType = sourcecode.c.objc; path = HandleImageView.m; sourceTree = "<group>"; };
/* End PBXFileReference section */

/* Begin PBXFrameworksBuildPhase section */
		70E1FD681C536835009256B3 /* Frameworks */ = {
			isa = PBXFrameworksBuildPhase;
			buildActionMask = 2147483647;
			files = (
			);
			runOnlyForDeploymentPostprocessing = 0;
		};
/* End PBXFrameworksBuildPhase section */

/* Begin PBXGroup section */
		70E1FD621C536835009256B3 = {
			isa = PBXGroup;
			children = (
				70E1FD6D1C536835009256B3 /* 10-画板 */,
				70E1FD6C1C536835009256B3 /* Products */,
			);
			sourceTree = "<group>";
		};
		70E1FD6C1C536835009256B3 /* Products */ = {
			isa = PBXGroup;
			children = (
				70E1FD6B1C536835009256B3 /* 10-画板.app */,
			);
			name = Products;
			sourceTree = "<group>";
		};
		70E1FD6D1C536835009256B3 /* 10-画板 */ = {
			isa = PBXGroup;
			children = (
				70E1FD711C536835009256B3 /* AppDelegate.h */,
				70E1FD721C536835009256B3 /* AppDelegate.m */,
				70E1FD741C536835009256B3 /* ViewController.h */,
				70E1FD751C536835009256B3 /* ViewController.m */,
				70E1FD771C536835009256B3 /* Main.storyboard */,
				70E1FD851C536C6F009256B3 /* DrawView.h */,
				70E1FD861C536C6F009256B3 /* DrawView.m */,
				70E1FD881C5378B4009256B3 /* MyBezierPath.h */,
				70E1FD891C5378B4009256B3 /* MyBezierPath.m */,
				70E1FD8B1C5393BA009256B3 /* HandleImageView.h */,
				70E1FD8C1C5393BA009256B3 /* HandleImageView.m */,
				70E1FD7A1C536835009256B3 /* Assets.xcassets */,
				70E1FD7C1C536835009256B3 /* LaunchScreen.storyboard */,
				70E1FD7F1C536835009256B3 /* Info.plist */,
				70E1FD6E1C536835009256B3 /* Supporting Files */,
			);
			path = "10-画板";
			sourceTree = "<group>";
		};
		70E1FD6E1C536835009256B3 /* Supporting Files */ = {
			isa = PBXGroup;
			children = (
				70E1FD6F1C536835009256B3 /* main.m */,
			);
			name = "Supporting Files";
			sourceTree = "<group>";
		};
/* End PBXGroup section */

/* Begin PBXNativeTarget section */
		70E1FD6A1C536835009256B3 /* 10-画板 */ = {
			isa = PBXNativeTarget;
			buildConfigurationList = 70E1FD821C536835009256B3 /* Build configuration list for PBXNativeTarget "10-画板" */;
			buildPhases = (
				70E1FD671C536835009256B3 /* Sources */,
				70E1FD681C536835009256B3 /* Frameworks */,
				70E1FD691C536835009256B3 /* Resources */,
			);
			buildRules = (
			);
			dependencies = (
			);
			name = "10-画板";
			productName = "10-画板";
			productReference = 70E1FD6B1C536835009256B3 /* 10-画板.app */;
			productType = "com.apple.product-type.application";
		};
/* End PBXNativeTarget section */

/* Begin PBXProject section */
		70E1FD631C536835009256B3 /* Project object */ = {
			isa = PBXProject;
			attributes = {
				LastUpgradeCheck = 0720;
				ORGANIZATIONNAME = "小码哥";
				TargetAttributes = {
					70E1FD6A1C536835009256B3 = {
						CreatedOnToolsVersion = 7.2;
					};
				};
			};
			buildConfigurationList = 70E1FD661C536835009256B3 /* Build configuration list for PBXProject "10-画板" */;
			compatibilityVersion = "Xcode 3.2";
			developmentRegion = English;
			hasScannedForEncodings = 0;
			knownRegions = (
				en,
				Base,
			);
			mainGroup = 70E1FD621C536835009256B3;
			productRefGroup = 70E1FD6C1C536835009256B3 /* Products */;
			projectDirPath = "";
			projectRoot = "";
			targets = (
				70E1FD6A1C536835009256B3 /* 10-画板 */,
			);
		};
/* End PBXProject section */

/* Begin PBXResourcesBuildPhase section */
		70E1FD691C536835009256B3 /* Resources */ = {
			isa = PBXResourcesBuildPhase;
			buildActionMask = 2147483647;
			files = (
				70E1FD7E1C536835009256B3 /* LaunchScreen.storyboard in Resources */,
				70E1FD7B1C536835009256B3 /* Assets.xcassets in Resources */,
				70E1FD791C536835009256B3 /* Main.storyboard in Resources */,
			);
			runOnlyForDeploymentPostprocessing = 0;
		};
/* End PBXResourcesBuildPhase section */

/* Begin PBXSourcesBuildPhase section */
		70E1FD671C536835009256B3 /* Sources */ = {
			isa = PBXSourcesBuildPhase;
			buildActionMask = 2147483647;
			files = (
				70E1FD8D1C5393BA009256B3 /* HandleImageView.m in Sources */,
				70E1FD761C536835009256B3 /* ViewController.m in Sources */,
				70E1FD731C536835009256B3 /* AppDelegate.m in Sources */,
				70E1FD8A1C5378B4009256B3 /* MyBezierPath.m in Sources */,
				70E1FD871C536C6F009256B3 /* DrawView.m in Sources */,
				70E1FD701C536835009256B3 /* main.m in Sources */,
			);
			runOnlyForDeploymentPostprocessing = 0;
		};
/* End PBXSourcesBuildPhase section */

/* Begin PBXVariantGroup section */
		70E1FD771C536835009256B3 /* Main.storyboard */ = {
			isa = PBXVariantGroup;
			children = (
				70E1FD781C536835009256B3 /* Base */,
			);
			name = Main.storyboard;
			sourceTree = "<group>";
		};
		70E1FD7C1C536835009256B3 /* LaunchScreen.storyboard */ = {
			isa = PBXVariantGroup;
			children = (
				70E1FD7D1C536835009256B3 /* Base */,
			);
			name = LaunchScreen.storyboard;
			sourceTree = "<group>";
		};
/* End PBXVariantGroup section */

/* Begin XCBuildConfiguration section */
		70E1FD801C536835009256B3 /* Debug */ = {
			isa = XCBuildConfiguration;
			buildSettings = {
				ALWAYS_SEARCH_USER_PATHS = NO;
				CLANG_CXX_LANGUAGE_STANDARD = "gnu++0x";
				CLANG_CXX_LIBRARY = "libc++";
				CLANG_ENABLE_MODULES = YES;
				CLANG_ENABLE_OBJC_ARC = YES;
				CLANG_WARN_BOOL_CONVERSION = YES;
				CLANG_WARN_CONSTANT_CONVERSION = YES;
				CLANG_WARN_DIRECT_OBJC_ISA_USAGE = YES_ERROR;
				CLANG_WARN_EMPTY_BODY = YES;
				CLANG_WARN_ENUM_CONVERSION = YES;
				CLANG_WARN_INT_CONVERSION = YES;
				CLANG_WARN_OBJC_ROOT_CLASS = YES_ERROR;
				CLANG_WARN_UNREACHABLE_CODE = YES;
				CLANG_WARN__DUPLICATE_METHOD_MATCH = YES;
				"CODE_SIGN_IDENTITY[sdk=iphoneos*]" = "iPhone Developer";
				COPY_PHASE_STRIP = NO;
				DEBUG_INFORMATION_FORMAT = dwarf;
				ENABLE_STRICT_OBJC_MSGSEND = YES;
				ENABLE_TESTABILITY = YES;
				GCC_C_LANGUAGE_STANDARD = gnu99;
				GCC_DYNAMIC_NO_PIC = NO;
				GCC_NO_COMMON_BLOCKS = YES;
				GCC_OPTIMIZATION_LEVEL = 0;
				GCC_PREPROCESSOR_DEFINITIONS = (
					"DEBUG=1",
					"$(inherited)",
				);
				GCC_WARN_64_TO_32_BIT_CONVERSION = YES;
				GCC_WARN_ABOUT_RETURN_TYPE = YES_ERROR;
				GCC_WARN_UNDECLARED_SELECTOR = YES;
				GCC_WARN_UNINITIALIZED_AUTOS = YES_AGGRESSIVE;
				GCC_WARN_UNUSED_FUNCTION = YES;
				GCC_WARN_UNUSED_VARIABLE = YES;
				IPHONEOS_DEPLOYMENT_TARGET = 9.2;
				MTL_ENABLE_DEBUG_INFO = YES;
				ONLY_ACTIVE_ARCH = YES;
				SDKROOT = iphoneos;
			};
			name = Debug;
		};
		70E1FD811C536835009256B3 /* Release */ = {
			isa = XCBuildConfiguration;
			buildSettings = {
				ALWAYS_SEARCH_USER_PATHS = NO;
				CLANG_CXX_LANGUAGE_STANDARD = "gnu++0x";
				CLANG_CXX_LIBRARY = "libc++";
				CLANG_ENABLE_MODULES = YES;
				CLANG_ENABLE_OBJC_ARC = YES;
				CLANG_WARN_BOOL_CONVERSION = YES;
				CLANG_WARN_CONSTANT_CONVERSION = YES;
				CLANG_WARN_DIRECT_OBJC_ISA_USAGE = YES_ERROR;
				CLANG_WARN_EMPTY_BODY = YES;
				CLANG_WARN_ENUM_CONVERSION = YES;
				CLANG_WARN_INT_CONVERSION = YES;
				CLANG_WARN_OBJC_ROOT_CLASS = YES_ERROR;
				CLANG_WARN_UNREACHABLE_CODE = YES;
				CLANG_WARN__DUPLICATE_METHOD_MATCH = YES;
				"CODE_SIGN_IDENTITY[sdk=iphoneos*]" = "iPhone Developer";
				COPY_PHASE_STRIP = NO;
				DEBUG_INFORMATION_FORMAT = "dwarf-with-dsym";
				ENABLE_NS_ASSERTIONS = NO;
				ENABLE_STRICT_OBJC_MSGSEND = YES;
				GCC_C_LANGUAGE_STANDARD = gnu99;
				GCC_NO_COMMON_BLOCKS = YES;
				GCC_WARN_64_TO_32_BIT_CONVERSION = YES;
				GCC_WARN_ABOUT_RETURN_TYPE = YES_ERROR;
				GCC_WARN_UNDECLARED_SELECTOR = YES;
				GCC_WARN_UNINITIALIZED_AUTOS = YES_AGGRESSIVE;
				GCC_WARN_UNUSED_FUNCTION = YES;
				GCC_WARN_UNUSED_VARIABLE = YES;
				IPHONEOS_DEPLOYMENT_TARGET = 9.2;
				MTL_ENABLE_DEBUG_INFO = NO;
				SDKROOT = iphoneos;
				VALIDATE_PRODUCT = YES;
			};
			name = Release;
		};
		70E1FD831C536835009256B3 /* Debug */ = {
			isa = XCBuildConfiguration;
			buildSettings = {
				ASSETCATALOG_COMPILER_APPICON_NAME = AppIcon;
				INFOPLIST_FILE = "10-画板/Info.plist";
				LD_RUNPATH_SEARCH_PATHS = "$(inherited) @executable_path/Frameworks";
				PRODUCT_BUNDLE_IDENTIFIER = "com.520it.-0---";
				PRODUCT_NAME = "$(TARGET_NAME)";
			};
			name = Debug;
		};
		70E1FD841C536835009256B3 /* Release */ = {
			isa = XCBuildConfiguration;
			buildSettings = {
				ASSETCATALOG_COMPILER_APPICON_NAME = AppIcon;
				INFOPLIST_FILE = "10-画板/Info.plist";
				LD_RUNPATH_SEARCH_PATHS = "$(inherited) @executable_path/Frameworks";
				PRODUCT_BUNDLE_IDENTIFIER = "com.520it.-0---";
				PRODUCT_NAME = "$(TARGET_NAME)";
			};
			name = Release;
		};
/* End XCBuildConfiguration section */

/* Begin XCConfigurationList section */
		70E1FD661C536835009256B3 /* Build configuration list for PBXProject "10-画板" */ = {
			isa = XCConfigurationList;
			buildConfigurations = (
				70E1FD801C536835009256B3 /* Debug */,
				70E1FD811C536835009256B3 /* Release */,
			);
			defaultConfigurationIsVisible = 0;
			defaultConfigurationName = Release;
		};
		70E1FD821C536835009256B3 /* Build configuration list for PBXNativeTarget "10-画板" */ = {
			isa = XCConfigurationList;
			buildConfigurations = (
				70E1FD831C536835009256B3 /* Debug */,
				70E1FD841C536835009256B3 /* Release */,
			);
			defaultConfigurationIsVisible = 0;
			defaultConfigurationName = Release;
		};
/* End XCConfigurationList section */
	};
	rootObject = 70E1FD631C536835009256B3 /* Project object */;
}
