// !$*UTF8*$!
{
	archiveVersion = 1;
	classes = {
	};
	objectVersion = 46;
	objects = {

/* Begin PBXBuildFile section */
		702205591C51C3CF00828583 /* main.m in Sources */ = {isa = PBXBuildFile; fileRef = 702205581C51C3CF00828583 /* main.m */; };
		7022055C1C51C3CF00828583 /* AppDelegate.m in Sources */ = {isa = PBXBuildFile; fileRef = 7022055B1C51C3CF00828583 /* AppDelegate.m */; };
		7022055F1C51C3CF00828583 /* ViewController.m in Sources */ = {isa = PBXBuildFile; fileRef = 7022055E1C51C3CF00828583 /* ViewController.m */; };
		702205621C51C3CF00828583 /* Main.storyboard in Resources */ = {isa = PBXBuildFile; fileRef = 702205601C51C3CF00828583 /* Main.storyboard */; };
		702205641C51C3CF00828583 /* Assets.xcassets in Resources */ = {isa = PBXBuildFile; fileRef = 702205631C51C3CF00828583 /* Assets.xcassets */; };
		702205671C51C3CF00828583 /* LaunchScreen.storyboard in Resources */ = {isa = PBXBuildFile; fileRef = 702205651C51C3CF00828583 /* LaunchScreen.storyboard */; };
		702205961C51D4BD00828583 /* DrawView.m in Sources */ = {isa = PBXBuildFile; fileRef = 702205951C51D4BD00828583 /* DrawView.m */; };
/* End PBXBuildFile section */

/* Begin PBXFileReference section */
		702205541C51C3CF00828583 /* 02-基本线条绘制(曲线)(熟悉).app */ = {isa = PBXFileReference; explicitFileType = wrapper.application; includeInIndex = 0; path = "02-基本线条绘制(曲线)(熟悉).app"; sourceTree = BUILT_PRODUCTS_DIR; };
		702205581C51C3CF00828583 /* main.m */ = {isa = PBXFileReference; lastKnownFileType = sourcecode.c.objc; path = main.m; sourceTree = "<group>"; };
		7022055A1C51C3CF00828583 /* AppDelegate.h */ = {isa = PBXFileReference; lastKnownFileType = sourcecode.c.h; path = AppDelegate.h; sourceTree = "<group>"; };
		7022055B1C51C3CF00828583 /* AppDelegate.m */ = {isa = PBXFileReference; lastKnownFileType = sourcecode.c.objc; path = AppDelegate.m; sourceTree = "<group>"; };
		7022055D1C51C3CF00828583 /* ViewController.h */ = {isa = PBXFileReference; lastKnownFileType = sourcecode.c.h; path = ViewController.h; sourceTree = "<group>"; };
		7022055E1C51C3CF00828583 /* ViewController.m */ = {isa = PBXFileReference; lastKnownFileType = sourcecode.c.objc; path = ViewController.m; sourceTree = "<group>"; };
		702205611C51C3CF00828583 /* Base */ = {isa = PBXFileReference; lastKnownFileType = file.storyboard; name = Base; path = Base.lproj/Main.storyboard; sourceTree = "<group>"; };
		702205631C51C3CF00828583 /* Assets.xcassets */ = {isa = PBXFileReference; lastKnownFileType = folder.assetcatalog; path = Assets.xcassets; sourceTree = "<group>"; };
		702205661C51C3CF00828583 /* Base */ = {isa = PBXFileReference; lastKnownFileType = file.storyboard; name = Base; path = Base.lproj/LaunchScreen.storyboard; sourceTree = "<group>"; };
		702205681C51C3CF00828583 /* Info.plist */ = {isa = PBXFileReference; lastKnownFileType = text.plist.xml; path = Info.plist; sourceTree = "<group>"; };
		702205941C51D4BD00828583 /* DrawView.h */ = {isa = PBXFileReference; fileEncoding = 4; lastKnownFileType = sourcecode.c.h; path = DrawView.h; sourceTree = "<group>"; };
		702205951C51D4BD00828583 /* DrawView.m */ = {isa = PBXFileReference; fileEncoding = 4; lastKnownFileType = sourcecode.c.objc; path = DrawView.m; sourceTree = "<group>"; };
/* End PBXFileReference section */

/* Begin PBXFrameworksBuildPhase section */
		702205511C51C3CF00828583 /* Frameworks */ = {
			isa = PBXFrameworksBuildPhase;
			buildActionMask = 2147483647;
			files = (
			);
			runOnlyForDeploymentPostprocessing = 0;
		};
/* End PBXFrameworksBuildPhase section */

/* Begin PBXGroup section */
		7022054B1C51C3CF00828583 = {
			isa = PBXGroup;
			children = (
				702205561C51C3CF00828583 /* 02-基本线条绘制(曲线)(熟悉) */,
				702205551C51C3CF00828583 /* Products */,
			);
			sourceTree = "<group>";
		};
		702205551C51C3CF00828583 /* Products */ = {
			isa = PBXGroup;
			children = (
				702205541C51C3CF00828583 /* 02-基本线条绘制(曲线)(熟悉).app */,
			);
			name = Products;
			sourceTree = "<group>";
		};
		702205561C51C3CF00828583 /* 02-基本线条绘制(曲线)(熟悉) */ = {
			isa = PBXGroup;
			children = (
				7022055A1C51C3CF00828583 /* AppDelegate.h */,
				7022055B1C51C3CF00828583 /* AppDelegate.m */,
				7022055D1C51C3CF00828583 /* ViewController.h */,
				7022055E1C51C3CF00828583 /* ViewController.m */,
				702205601C51C3CF00828583 /* Main.storyboard */,
				702205941C51D4BD00828583 /* DrawView.h */,
				702205951C51D4BD00828583 /* DrawView.m */,
				702205631C51C3CF00828583 /* Assets.xcassets */,
				702205651C51C3CF00828583 /* LaunchScreen.storyboard */,
				702205681C51C3CF00828583 /* Info.plist */,
				702205571C51C3CF00828583 /* Supporting Files */,
			);
			path = "02-基本线条绘制(曲线)(熟悉)";
			sourceTree = "<group>";
		};
		702205571C51C3CF00828583 /* Supporting Files */ = {
			isa = PBXGroup;
			children = (
				702205581C51C3CF00828583 /* main.m */,
			);
			name = "Supporting Files";
			sourceTree = "<group>";
		};
/* End PBXGroup section */

/* Begin PBXNativeTarget section */
		702205531C51C3CF00828583 /* 02-基本线条绘制(曲线)(熟悉) */ = {
			isa = PBXNativeTarget;
			buildConfigurationList = 7022056B1C51C3CF00828583 /* Build configuration list for PBXNativeTarget "02-基本线条绘制(曲线)(熟悉)" */;
			buildPhases = (
				702205501C51C3CF00828583 /* Sources */,
				702205511C51C3CF00828583 /* Frameworks */,
				702205521C51C3CF00828583 /* Resources */,
			);
			buildRules = (
			);
			dependencies = (
			);
			name = "02-基本线条绘制(曲线)(熟悉)";
			productName = "02-基本线条绘制(曲线)(熟悉)";
			productReference = 702205541C51C3CF00828583 /* 02-基本线条绘制(曲线)(熟悉).app */;
			productType = "com.apple.product-type.application";
		};
/* End PBXNativeTarget section */

/* Begin PBXProject section */
		7022054C1C51C3CF00828583 /* Project object */ = {
			isa = PBXProject;
			attributes = {
				LastUpgradeCheck = 0720;
				ORGANIZATIONNAME = "小码哥";
				TargetAttributes = {
					702205531C51C3CF00828583 = {
						CreatedOnToolsVersion = 7.2;
					};
				};
			};
			buildConfigurationList = 7022054F1C51C3CF00828583 /* Build configuration list for PBXProject "02-基本线条绘制(曲线)(熟悉)" */;
			compatibilityVersion = "Xcode 3.2";
			developmentRegion = English;
			hasScannedForEncodings = 0;
			knownRegions = (
				en,
				Base,
			);
			mainGroup = 7022054B1C51C3CF00828583;
			productRefGroup = 702205551C51C3CF00828583 /* Products */;
			projectDirPath = "";
			projectRoot = "";
			targets = (
				702205531C51C3CF00828583 /* 02-基本线条绘制(曲线)(熟悉) */,
			);
		};
/* End PBXProject section */

/* Begin PBXResourcesBuildPhase section */
		702205521C51C3CF00828583 /* Resources */ = {
			isa = PBXResourcesBuildPhase;
			buildActionMask = 2147483647;
			files = (
				702205671C51C3CF00828583 /* LaunchScreen.storyboard in Resources */,
				702205641C51C3CF00828583 /* Assets.xcassets in Resources */,
				702205621C51C3CF00828583 /* Main.storyboard in Resources */,
			);
			runOnlyForDeploymentPostprocessing = 0;
		};
/* End PBXResourcesBuildPhase section */

/* Begin PBXSourcesBuildPhase section */
		702205501C51C3CF00828583 /* Sources */ = {
			isa = PBXSourcesBuildPhase;
			buildActionMask = 2147483647;
			files = (
				7022055F1C51C3CF00828583 /* ViewController.m in Sources */,
				7022055C1C51C3CF00828583 /* AppDelegate.m in Sources */,
				702205961C51D4BD00828583 /* DrawView.m in Sources */,
				702205591C51C3CF00828583 /* main.m in Sources */,
			);
			runOnlyForDeploymentPostprocessing = 0;
		};
/* End PBXSourcesBuildPhase section */

/* Begin PBXVariantGroup section */
		702205601C51C3CF00828583 /* Main.storyboard */ = {
			isa = PBXVariantGroup;
			children = (
				702205611C51C3CF00828583 /* Base */,
			);
			name = Main.storyboard;
			sourceTree = "<group>";
		};
		702205651C51C3CF00828583 /* LaunchScreen.storyboard */ = {
			isa = PBXVariantGroup;
			children = (
				702205661C51C3CF00828583 /* Base */,
			);
			name = LaunchScreen.storyboard;
			sourceTree = "<group>";
		};
/* End PBXVariantGroup section */

/* Begin XCBuildConfiguration section */
		702205691C51C3CF00828583 /* Debug */ = {
			isa = XCBuildConfiguration;
			buildSettings = {
				ALWAYS_SEARCH_USER_PATHS = NO;
				CLANG_CXX_LANGUAGE_STANDARD = "gnu++0x";
				CLANG_CXX_LIBRARY = "libc++";
				CLANG_ENABLE_MODULES = YES;
				CLANG_ENABLE_OBJC_ARC = YES;
				CLANG_WARN_BOOL_CONVERSION = YES;
				CLANG_WARN_CONSTANT_CONVERSION = YES;
				CLANG_WARN_DIRECT_OBJC_ISA_USAGE = YES_ERROR;
				CLANG_WARN_EMPTY_BODY = YES;
				CLANG_WARN_ENUM_CONVERSION = YES;
				CLANG_WARN_INT_CONVERSION = YES;
				CLANG_WARN_OBJC_ROOT_CLASS = YES_ERROR;
				CLANG_WARN_UNREACHABLE_CODE = YES;
				CLANG_WARN__DUPLICATE_METHOD_MATCH = YES;
				"CODE_SIGN_IDENTITY[sdk=iphoneos*]" = "iPhone Developer";
				COPY_PHASE_STRIP = NO;
				DEBUG_INFORMATION_FORMAT = dwarf;
				ENABLE_STRICT_OBJC_MSGSEND = YES;
				ENABLE_TESTABILITY = YES;
				GCC_C_LANGUAGE_STANDARD = gnu99;
				GCC_DYNAMIC_NO_PIC = NO;
				GCC_NO_COMMON_BLOCKS = YES;
				GCC_OPTIMIZATION_LEVEL = 0;
				GCC_PREPROCESSOR_DEFINITIONS = (
					"DEBUG=1",
					"$(inherited)",
				);
				GCC_WARN_64_TO_32_BIT_CONVERSION = YES;
				GCC_WARN_ABOUT_RETURN_TYPE = YES_ERROR;
				GCC_WARN_UNDECLARED_SELECTOR = YES;
				GCC_WARN_UNINITIALIZED_AUTOS = YES_AGGRESSIVE;
				GCC_WARN_UNUSED_FUNCTION = YES;
				GCC_WARN_UNUSED_VARIABLE = YES;
				IPHONEOS_DEPLOYMENT_TARGET = 9.2;
				MTL_ENABLE_DEBUG_INFO = YES;
				ONLY_ACTIVE_ARCH = YES;
				SDKROOT = iphoneos;
			};
			name = Debug;
		};
		7022056A1C51C3CF00828583 /* Release */ = {
			isa = XCBuildConfiguration;
			buildSettings = {
				ALWAYS_SEARCH_USER_PATHS = NO;
				CLANG_CXX_LANGUAGE_STANDARD = "gnu++0x";
				CLANG_CXX_LIBRARY = "libc++";
				CLANG_ENABLE_MODULES = YES;
				CLANG_ENABLE_OBJC_ARC = YES;
				CLANG_WARN_BOOL_CONVERSION = YES;
				CLANG_WARN_CONSTANT_CONVERSION = YES;
				CLANG_WARN_DIRECT_OBJC_ISA_USAGE = YES_ERROR;
				CLANG_WARN_EMPTY_BODY = YES;
				CLANG_WARN_ENUM_CONVERSION = YES;
				CLANG_WARN_INT_CONVERSION = YES;
				CLANG_WARN_OBJC_ROOT_CLASS = YES_ERROR;
				CLANG_WARN_UNREACHABLE_CODE = YES;
				CLANG_WARN__DUPLICATE_METHOD_MATCH = YES;
				"CODE_SIGN_IDENTITY[sdk=iphoneos*]" = "iPhone Developer";
				COPY_PHASE_STRIP = NO;
				DEBUG_INFORMATION_FORMAT = "dwarf-with-dsym";
				ENABLE_NS_ASSERTIONS = NO;
				ENABLE_STRICT_OBJC_MSGSEND = YES;
				GCC_C_LANGUAGE_STANDARD = gnu99;
				GCC_NO_COMMON_BLOCKS = YES;
				GCC_WARN_64_TO_32_BIT_CONVERSION = YES;
				GCC_WARN_ABOUT_RETURN_TYPE = YES_ERROR;
				GCC_WARN_UNDECLARED_SELECTOR = YES;
				GCC_WARN_UNINITIALIZED_AUTOS = YES_AGGRESSIVE;
				GCC_WARN_UNUSED_FUNCTION = YES;
				GCC_WARN_UNUSED_VARIABLE = YES;
				IPHONEOS_DEPLOYMENT_TARGET = 9.2;
				MTL_ENABLE_DEBUG_INFO = NO;
				SDKROOT = iphoneos;
				VALIDATE_PRODUCT = YES;
			};
			name = Release;
		};
		7022056C1C51C3CF00828583 /* Debug */ = {
			isa = XCBuildConfiguration;
			buildSettings = {
				ASSETCATALOG_COMPILER_APPICON_NAME = AppIcon;
				INFOPLIST_FILE = "02-基本线条绘制(曲线)(熟悉)/Info.plist";
				IPHONEOS_DEPLOYMENT_TARGET = 9.0;
				LD_RUNPATH_SEARCH_PATHS = "$(inherited) @executable_path/Frameworks";
				PRODUCT_BUNDLE_IDENTIFIER = "com.520it.-2---------------";
				PRODUCT_NAME = "$(TARGET_NAME)";
			};
			name = Debug;
		};
		7022056D1C51C3CF00828583 /* Release */ = {
			isa = XCBuildConfiguration;
			buildSettings = {
				ASSETCATALOG_COMPILER_APPICON_NAME = AppIcon;
				INFOPLIST_FILE = "02-基本线条绘制(曲线)(熟悉)/Info.plist";
				IPHONEOS_DEPLOYMENT_TARGET = 9.0;
				LD_RUNPATH_SEARCH_PATHS = "$(inherited) @executable_path/Frameworks";
				PRODUCT_BUNDLE_IDENTIFIER = "com.520it.-2---------------";
				PRODUCT_NAME = "$(TARGET_NAME)";
			};
			name = Release;
		};
/* End XCBuildConfiguration section */

/* Begin XCConfigurationList section */
		7022054F1C51C3CF00828583 /* Build configuration list for PBXProject "02-基本线条绘制(曲线)(熟悉)" */ = {
			isa = XCConfigurationList;
			buildConfigurations = (
				702205691C51C3CF00828583 /* Debug */,
				7022056A1C51C3CF00828583 /* Release */,
			);
			defaultConfigurationIsVisible = 0;
			defaultConfigurationName = Release;
		};
		7022056B1C51C3CF00828583 /* Build configuration list for PBXNativeTarget "02-基本线条绘制(曲线)(熟悉)" */ = {
			isa = XCConfigurationList;
			buildConfigurations = (
				7022056C1C51C3CF00828583 /* Debug */,
				7022056D1C51C3CF00828583 /* Release */,
			);
			defaultConfigurationIsVisible = 0;
			defaultConfigurationName = Release;
		};
/* End XCConfigurationList section */
	};
	rootObject = 7022054C1C51C3CF00828583 /* Project object */;
}
