// !$*UTF8*$!
{
	archiveVersion = 1;
	classes = {
	};
	objectVersion = 46;
	objects = {

/* Begin PBXBuildFile section */
		701FC4DB1C7968C3007596AB /* MKAnnotationView+WebCache.m in Sources */ = {isa = PBXBuildFile; fileRef = 701FC4BB1C7968C3007596AB /* MKAnnotationView+WebCache.m */; };
		701FC4DC1C7968C3007596AB /* NSData+ImageContentType.m in Sources */ = {isa = PBXBuildFile; fileRef = 701FC4BD1C7968C3007596AB /* NSData+ImageContentType.m */; };
		701FC4DD1C7968C3007596AB /* SDImageCache.m in Sources */ = {isa = PBXBuildFile; fileRef = 701FC4BF1C7968C3007596AB /* SDImageCache.m */; };
		701FC4DE1C7968C3007596AB /* SDWebImageCompat.m in Sources */ = {isa = PBXBuildFile; fileRef = 701FC4C11C7968C3007596AB /* SDWebImageCompat.m */; };
		701FC4DF1C7968C3007596AB /* SDWebImageDecoder.m in Sources */ = {isa = PBXBuildFile; fileRef = 701FC4C31C7968C3007596AB /* SDWebImageDecoder.m */; };
		701FC4E01C7968C3007596AB /* SDWebImageDownloader.m in Sources */ = {isa = PBXBuildFile; fileRef = 701FC4C51C7968C3007596AB /* SDWebImageDownloader.m */; };
		701FC4E11C7968C3007596AB /* SDWebImageDownloaderOperation.m in Sources */ = {isa = PBXBuildFile; fileRef = 701FC4C71C7968C3007596AB /* SDWebImageDownloaderOperation.m */; };
		701FC4E21C7968C3007596AB /* SDWebImageManager.m in Sources */ = {isa = PBXBuildFile; fileRef = 701FC4C91C7968C3007596AB /* SDWebImageManager.m */; };
		701FC4E31C7968C3007596AB /* SDWebImagePrefetcher.m in Sources */ = {isa = PBXBuildFile; fileRef = 701FC4CC1C7968C3007596AB /* SDWebImagePrefetcher.m */; };
		701FC4E41C7968C3007596AB /* UIButton+WebCache.m in Sources */ = {isa = PBXBuildFile; fileRef = 701FC4CE1C7968C3007596AB /* UIButton+WebCache.m */; };
		701FC4E51C7968C3007596AB /* UIImage+GIF.m in Sources */ = {isa = PBXBuildFile; fileRef = 701FC4D01C7968C3007596AB /* UIImage+GIF.m */; };
		701FC4E61C7968C3007596AB /* UIImage+MultiFormat.m in Sources */ = {isa = PBXBuildFile; fileRef = 701FC4D21C7968C3007596AB /* UIImage+MultiFormat.m */; };
		701FC4E71C7968C3007596AB /* UIImage+WebP.m in Sources */ = {isa = PBXBuildFile; fileRef = 701FC4D41C7968C3007596AB /* UIImage+WebP.m */; };
		701FC4E81C7968C3007596AB /* UIImageView+HighlightedWebCache.m in Sources */ = {isa = PBXBuildFile; fileRef = 701FC4D61C7968C3007596AB /* UIImageView+HighlightedWebCache.m */; };
		701FC4E91C7968C3007596AB /* UIImageView+WebCache.m in Sources */ = {isa = PBXBuildFile; fileRef = 701FC4D81C7968C3007596AB /* UIImageView+WebCache.m */; };
		701FC4EA1C7968C3007596AB /* UIView+WebCacheOperation.m in Sources */ = {isa = PBXBuildFile; fileRef = 701FC4DA1C7968C3007596AB /* UIView+WebCacheOperation.m */; };
		70710CFF1C771390001B6D31 /* main.m in Sources */ = {isa = PBXBuildFile; fileRef = 70710CFE1C771390001B6D31 /* main.m */; };
		70710D021C771390001B6D31 /* AppDelegate.m in Sources */ = {isa = PBXBuildFile; fileRef = 70710D011C771390001B6D31 /* AppDelegate.m */; };
		70710D051C771390001B6D31 /* ViewController.m in Sources */ = {isa = PBXBuildFile; fileRef = 70710D041C771390001B6D31 /* ViewController.m */; };
		70710D081C771390001B6D31 /* Main.storyboard in Resources */ = {isa = PBXBuildFile; fileRef = 70710D061C771390001B6D31 /* Main.storyboard */; };
		70710D0A1C771390001B6D31 /* Assets.xcassets in Resources */ = {isa = PBXBuildFile; fileRef = 70710D091C771390001B6D31 /* Assets.xcassets */; };
		70710D0D1C771390001B6D31 /* LaunchScreen.storyboard in Resources */ = {isa = PBXBuildFile; fileRef = 70710D0B1C771390001B6D31 /* LaunchScreen.storyboard */; };
		70710D151C771508001B6D31 /* apps.plist in Resources */ = {isa = PBXBuildFile; fileRef = 70710D141C771508001B6D31 /* apps.plist */; };
		70710D181C771597001B6D31 /* XMGAPP.m in Sources */ = {isa = PBXBuildFile; fileRef = 70710D171C771597001B6D31 /* XMGAPP.m */; };
/* End PBXBuildFile section */

/* Begin PBXFileReference section */
		701FC4BA1C7968C3007596AB /* MKAnnotationView+WebCache.h */ = {isa = PBXFileReference; fileEncoding = 4; lastKnownFileType = sourcecode.c.h; path = "MKAnnotationView+WebCache.h"; sourceTree = "<group>"; };
		701FC4BB1C7968C3007596AB /* MKAnnotationView+WebCache.m */ = {isa = PBXFileReference; fileEncoding = 4; lastKnownFileType = sourcecode.c.objc; path = "MKAnnotationView+WebCache.m"; sourceTree = "<group>"; };
		701FC4BC1C7968C3007596AB /* NSData+ImageContentType.h */ = {isa = PBXFileReference; fileEncoding = 4; lastKnownFileType = sourcecode.c.h; path = "NSData+ImageContentType.h"; sourceTree = "<group>"; };
		701FC4BD1C7968C3007596AB /* NSData+ImageContentType.m */ = {isa = PBXFileReference; fileEncoding = 4; lastKnownFileType = sourcecode.c.objc; path = "NSData+ImageContentType.m"; sourceTree = "<group>"; };
		701FC4BE1C7968C3007596AB /* SDImageCache.h */ = {isa = PBXFileReference; fileEncoding = 4; lastKnownFileType = sourcecode.c.h; path = SDImageCache.h; sourceTree = "<group>"; };
		701FC4BF1C7968C3007596AB /* SDImageCache.m */ = {isa = PBXFileReference; fileEncoding = 4; lastKnownFileType = sourcecode.c.objc; path = SDImageCache.m; sourceTree = "<group>"; };
		701FC4C01C7968C3007596AB /* SDWebImageCompat.h */ = {isa = PBXFileReference; fileEncoding = 4; lastKnownFileType = sourcecode.c.h; path = SDWebImageCompat.h; sourceTree = "<group>"; };
		701FC4C11C7968C3007596AB /* SDWebImageCompat.m */ = {isa = PBXFileReference; fileEncoding = 4; lastKnownFileType = sourcecode.c.objc; path = SDWebImageCompat.m; sourceTree = "<group>"; };
		701FC4C21C7968C3007596AB /* SDWebImageDecoder.h */ = {isa = PBXFileReference; fileEncoding = 4; lastKnownFileType = sourcecode.c.h; path = SDWebImageDecoder.h; sourceTree = "<group>"; };
		701FC4C31C7968C3007596AB /* SDWebImageDecoder.m */ = {isa = PBXFileReference; fileEncoding = 4; lastKnownFileType = sourcecode.c.objc; path = SDWebImageDecoder.m; sourceTree = "<group>"; };
		701FC4C41C7968C3007596AB /* SDWebImageDownloader.h */ = {isa = PBXFileReference; fileEncoding = 4; lastKnownFileType = sourcecode.c.h; path = SDWebImageDownloader.h; sourceTree = "<group>"; };
		701FC4C51C7968C3007596AB /* SDWebImageDownloader.m */ = {isa = PBXFileReference; fileEncoding = 4; lastKnownFileType = sourcecode.c.objc; path = SDWebImageDownloader.m; sourceTree = "<group>"; };
		701FC4C61C7968C3007596AB /* SDWebImageDownloaderOperation.h */ = {isa = PBXFileReference; fileEncoding = 4; lastKnownFileType = sourcecode.c.h; path = SDWebImageDownloaderOperation.h; sourceTree = "<group>"; };
		701FC4C71C7968C3007596AB /* SDWebImageDownloaderOperation.m */ = {isa = PBXFileReference; fileEncoding = 4; lastKnownFileType = sourcecode.c.objc; path = SDWebImageDownloaderOperation.m; sourceTree = "<group>"; };
		701FC4C81C7968C3007596AB /* SDWebImageManager.h */ = {isa = PBXFileReference; fileEncoding = 4; lastKnownFileType = sourcecode.c.h; path = SDWebImageManager.h; sourceTree = "<group>"; };
		701FC4C91C7968C3007596AB /* SDWebImageManager.m */ = {isa = PBXFileReference; fileEncoding = 4; lastKnownFileType = sourcecode.c.objc; path = SDWebImageManager.m; sourceTree = "<group>"; };
		701FC4CA1C7968C3007596AB /* SDWebImageOperation.h */ = {isa = PBXFileReference; fileEncoding = 4; lastKnownFileType = sourcecode.c.h; path = SDWebImageOperation.h; sourceTree = "<group>"; };
		701FC4CB1C7968C3007596AB /* SDWebImagePrefetcher.h */ = {isa = PBXFileReference; fileEncoding = 4; lastKnownFileType = sourcecode.c.h; path = SDWebImagePrefetcher.h; sourceTree = "<group>"; };
		701FC4CC1C7968C3007596AB /* SDWebImagePrefetcher.m */ = {isa = PBXFileReference; fileEncoding = 4; lastKnownFileType = sourcecode.c.objc; path = SDWebImagePrefetcher.m; sourceTree = "<group>"; };
		701FC4CD1C7968C3007596AB /* UIButton+WebCache.h */ = {isa = PBXFileReference; fileEncoding = 4; lastKnownFileType = sourcecode.c.h; path = "UIButton+WebCache.h"; sourceTree = "<group>"; };
		701FC4CE1C7968C3007596AB /* UIButton+WebCache.m */ = {isa = PBXFileReference; fileEncoding = 4; lastKnownFileType = sourcecode.c.objc; path = "UIButton+WebCache.m"; sourceTree = "<group>"; };
		701FC4CF1C7968C3007596AB /* UIImage+GIF.h */ = {isa = PBXFileReference; fileEncoding = 4; lastKnownFileType = sourcecode.c.h; path = "UIImage+GIF.h"; sourceTree = "<group>"; };
		701FC4D01C7968C3007596AB /* UIImage+GIF.m */ = {isa = PBXFileReference; fileEncoding = 4; lastKnownFileType = sourcecode.c.objc; path = "UIImage+GIF.m"; sourceTree = "<group>"; };
		701FC4D11C7968C3007596AB /* UIImage+MultiFormat.h */ = {isa = PBXFileReference; fileEncoding = 4; lastKnownFileType = sourcecode.c.h; path = "UIImage+MultiFormat.h"; sourceTree = "<group>"; };
		701FC4D21C7968C3007596AB /* UIImage+MultiFormat.m */ = {isa = PBXFileReference; fileEncoding = 4; lastKnownFileType = sourcecode.c.objc; path = "UIImage+MultiFormat.m"; sourceTree = "<group>"; };
		701FC4D31C7968C3007596AB /* UIImage+WebP.h */ = {isa = PBXFileReference; fileEncoding = 4; lastKnownFileType = sourcecode.c.h; path = "UIImage+WebP.h"; sourceTree = "<group>"; };
		701FC4D41C7968C3007596AB /* UIImage+WebP.m */ = {isa = PBXFileReference; fileEncoding = 4; lastKnownFileType = sourcecode.c.objc; path = "UIImage+WebP.m"; sourceTree = "<group>"; };
		701FC4D51C7968C3007596AB /* UIImageView+HighlightedWebCache.h */ = {isa = PBXFileReference; fileEncoding = 4; lastKnownFileType = sourcecode.c.h; path = "UIImageView+HighlightedWebCache.h"; sourceTree = "<group>"; };
		701FC4D61C7968C3007596AB /* UIImageView+HighlightedWebCache.m */ = {isa = PBXFileReference; fileEncoding = 4; lastKnownFileType = sourcecode.c.objc; path = "UIImageView+HighlightedWebCache.m"; sourceTree = "<group>"; };
		701FC4D71C7968C3007596AB /* UIImageView+WebCache.h */ = {isa = PBXFileReference; fileEncoding = 4; lastKnownFileType = sourcecode.c.h; path = "UIImageView+WebCache.h"; sourceTree = "<group>"; };
		701FC4D81C7968C3007596AB /* UIImageView+WebCache.m */ = {isa = PBXFileReference; fileEncoding = 4; lastKnownFileType = sourcecode.c.objc; path = "UIImageView+WebCache.m"; sourceTree = "<group>"; };
		701FC4D91C7968C3007596AB /* UIView+WebCacheOperation.h */ = {isa = PBXFileReference; fileEncoding = 4; lastKnownFileType = sourcecode.c.h; path = "UIView+WebCacheOperation.h"; sourceTree = "<group>"; };
		701FC4DA1C7968C3007596AB /* UIView+WebCacheOperation.m */ = {isa = PBXFileReference; fileEncoding = 4; lastKnownFileType = sourcecode.c.objc; path = "UIView+WebCacheOperation.m"; sourceTree = "<group>"; };
		70710CFA1C771390001B6D31 /* 12-掌握-多图下载综合案例-数据展示.app */ = {isa = PBXFileReference; explicitFileType = wrapper.application; includeInIndex = 0; path = "12-掌握-多图下载综合案例-数据展示.app"; sourceTree = BUILT_PRODUCTS_DIR; };
		70710CFE1C771390001B6D31 /* main.m */ = {isa = PBXFileReference; lastKnownFileType = sourcecode.c.objc; path = main.m; sourceTree = "<group>"; };
		70710D001C771390001B6D31 /* AppDelegate.h */ = {isa = PBXFileReference; lastKnownFileType = sourcecode.c.h; path = AppDelegate.h; sourceTree = "<group>"; };
		70710D011C771390001B6D31 /* AppDelegate.m */ = {isa = PBXFileReference; lastKnownFileType = sourcecode.c.objc; path = AppDelegate.m; sourceTree = "<group>"; };
		70710D031C771390001B6D31 /* ViewController.h */ = {isa = PBXFileReference; lastKnownFileType = sourcecode.c.h; path = ViewController.h; sourceTree = "<group>"; };
		70710D041C771390001B6D31 /* ViewController.m */ = {isa = PBXFileReference; lastKnownFileType = sourcecode.c.objc; path = ViewController.m; sourceTree = "<group>"; };
		70710D071C771390001B6D31 /* Base */ = {isa = PBXFileReference; lastKnownFileType = file.storyboard; name = Base; path = Base.lproj/Main.storyboard; sourceTree = "<group>"; };
		70710D091C771390001B6D31 /* Assets.xcassets */ = {isa = PBXFileReference; lastKnownFileType = folder.assetcatalog; path = Assets.xcassets; sourceTree = "<group>"; };
		70710D0C1C771390001B6D31 /* Base */ = {isa = PBXFileReference; lastKnownFileType = file.storyboard; name = Base; path = Base.lproj/LaunchScreen.storyboard; sourceTree = "<group>"; };
		70710D0E1C771390001B6D31 /* Info.plist */ = {isa = PBXFileReference; lastKnownFileType = text.plist.xml; path = Info.plist; sourceTree = "<group>"; };
		70710D141C771508001B6D31 /* apps.plist */ = {isa = PBXFileReference; fileEncoding = 4; lastKnownFileType = text.plist.xml; path = apps.plist; sourceTree = "<group>"; };
		70710D161C771597001B6D31 /* XMGAPP.h */ = {isa = PBXFileReference; fileEncoding = 4; lastKnownFileType = sourcecode.c.h; path = XMGAPP.h; sourceTree = "<group>"; };
		70710D171C771597001B6D31 /* XMGAPP.m */ = {isa = PBXFileReference; fileEncoding = 4; lastKnownFileType = sourcecode.c.objc; path = XMGAPP.m; sourceTree = "<group>"; };
/* End PBXFileReference section */

/* Begin PBXFrameworksBuildPhase section */
		70710CF71C771390001B6D31 /* Frameworks */ = {
			isa = PBXFrameworksBuildPhase;
			buildActionMask = 2147483647;
			files = (
			);
			runOnlyForDeploymentPostprocessing = 0;
		};
/* End PBXFrameworksBuildPhase section */

/* Begin PBXGroup section */
		701FC4B91C7968C3007596AB /* SDWebImage */ = {
			isa = PBXGroup;
			children = (
				701FC4BA1C7968C3007596AB /* MKAnnotationView+WebCache.h */,
				701FC4BB1C7968C3007596AB /* MKAnnotationView+WebCache.m */,
				701FC4BC1C7968C3007596AB /* NSData+ImageContentType.h */,
				701FC4BD1C7968C3007596AB /* NSData+ImageContentType.m */,
				701FC4BE1C7968C3007596AB /* SDImageCache.h */,
				701FC4BF1C7968C3007596AB /* SDImageCache.m */,
				701FC4C01C7968C3007596AB /* SDWebImageCompat.h */,
				701FC4C11C7968C3007596AB /* SDWebImageCompat.m */,
				701FC4C21C7968C3007596AB /* SDWebImageDecoder.h */,
				701FC4C31C7968C3007596AB /* SDWebImageDecoder.m */,
				701FC4C41C7968C3007596AB /* SDWebImageDownloader.h */,
				701FC4C51C7968C3007596AB /* SDWebImageDownloader.m */,
				701FC4C61C7968C3007596AB /* SDWebImageDownloaderOperation.h */,
				701FC4C71C7968C3007596AB /* SDWebImageDownloaderOperation.m */,
				701FC4C81C7968C3007596AB /* SDWebImageManager.h */,
				701FC4C91C7968C3007596AB /* SDWebImageManager.m */,
				701FC4CA1C7968C3007596AB /* SDWebImageOperation.h */,
				701FC4CB1C7968C3007596AB /* SDWebImagePrefetcher.h */,
				701FC4CC1C7968C3007596AB /* SDWebImagePrefetcher.m */,
				701FC4CD1C7968C3007596AB /* UIButton+WebCache.h */,
				701FC4CE1C7968C3007596AB /* UIButton+WebCache.m */,
				701FC4CF1C7968C3007596AB /* UIImage+GIF.h */,
				701FC4D01C7968C3007596AB /* UIImage+GIF.m */,
				701FC4D11C7968C3007596AB /* UIImage+MultiFormat.h */,
				701FC4D21C7968C3007596AB /* UIImage+MultiFormat.m */,
				701FC4D31C7968C3007596AB /* UIImage+WebP.h */,
				701FC4D41C7968C3007596AB /* UIImage+WebP.m */,
				701FC4D51C7968C3007596AB /* UIImageView+HighlightedWebCache.h */,
				701FC4D61C7968C3007596AB /* UIImageView+HighlightedWebCache.m */,
				701FC4D71C7968C3007596AB /* UIImageView+WebCache.h */,
				701FC4D81C7968C3007596AB /* UIImageView+WebCache.m */,
				701FC4D91C7968C3007596AB /* UIView+WebCacheOperation.h */,
				701FC4DA1C7968C3007596AB /* UIView+WebCacheOperation.m */,
			);
			path = SDWebImage;
			sourceTree = "<group>";
		};
		70710CF11C771390001B6D31 = {
			isa = PBXGroup;
			children = (
				70710CFC1C771390001B6D31 /* 12-掌握-多图下载综合案例-数据展示 */,
				70710CFB1C771390001B6D31 /* Products */,
			);
			sourceTree = "<group>";
		};
		70710CFB1C771390001B6D31 /* Products */ = {
			isa = PBXGroup;
			children = (
				70710CFA1C771390001B6D31 /* 12-掌握-多图下载综合案例-数据展示.app */,
			);
			name = Products;
			sourceTree = "<group>";
		};
		70710CFC1C771390001B6D31 /* 12-掌握-多图下载综合案例-数据展示 */ = {
			isa = PBXGroup;
			children = (
				701FC4B91C7968C3007596AB /* SDWebImage */,
				70710D001C771390001B6D31 /* AppDelegate.h */,
				70710D011C771390001B6D31 /* AppDelegate.m */,
				70710D031C771390001B6D31 /* ViewController.h */,
				70710D041C771390001B6D31 /* ViewController.m */,
				70710D061C771390001B6D31 /* Main.storyboard */,
				70710D091C771390001B6D31 /* Assets.xcassets */,
				70710D0B1C771390001B6D31 /* LaunchScreen.storyboard */,
				70710D141C771508001B6D31 /* apps.plist */,
				70710D0E1C771390001B6D31 /* Info.plist */,
				70710CFD1C771390001B6D31 /* Supporting Files */,
				70710D161C771597001B6D31 /* XMGAPP.h */,
				70710D171C771597001B6D31 /* XMGAPP.m */,
			);
			path = "12-掌握-多图下载综合案例-数据展示";
			sourceTree = "<group>";
		};
		70710CFD1C771390001B6D31 /* Supporting Files */ = {
			isa = PBXGroup;
			children = (
				70710CFE1C771390001B6D31 /* main.m */,
			);
			name = "Supporting Files";
			sourceTree = "<group>";
		};
/* End PBXGroup section */

/* Begin PBXNativeTarget section */
		70710CF91C771390001B6D31 /* 12-掌握-多图下载综合案例-数据展示 */ = {
			isa = PBXNativeTarget;
			buildConfigurationList = 70710D111C771390001B6D31 /* Build configuration list for PBXNativeTarget "12-掌握-多图下载综合案例-数据展示" */;
			buildPhases = (
				70710CF61C771390001B6D31 /* Sources */,
				70710CF71C771390001B6D31 /* Frameworks */,
				70710CF81C771390001B6D31 /* Resources */,
			);
			buildRules = (
			);
			dependencies = (
			);
			name = "12-掌握-多图下载综合案例-数据展示";
			productName = "12-掌握-多图下载综合案例-数据展示";
			productReference = 70710CFA1C771390001B6D31 /* 12-掌握-多图下载综合案例-数据展示.app */;
			productType = "com.apple.product-type.application";
		};
/* End PBXNativeTarget section */

/* Begin PBXProject section */
		70710CF21C771390001B6D31 /* Project object */ = {
			isa = PBXProject;
			attributes = {
				LastUpgradeCheck = 0720;
				ORGANIZATIONNAME = "小码哥";
				TargetAttributes = {
					70710CF91C771390001B6D31 = {
						CreatedOnToolsVersion = 7.2;
					};
				};
			};
			buildConfigurationList = 70710CF51C771390001B6D31 /* Build configuration list for PBXProject "12-掌握-多图下载综合案例-数据展示" */;
			compatibilityVersion = "Xcode 3.2";
			developmentRegion = English;
			hasScannedForEncodings = 0;
			knownRegions = (
				en,
				Base,
			);
			mainGroup = 70710CF11C771390001B6D31;
			productRefGroup = 70710CFB1C771390001B6D31 /* Products */;
			projectDirPath = "";
			projectRoot = "";
			targets = (
				70710CF91C771390001B6D31 /* 12-掌握-多图下载综合案例-数据展示 */,
			);
		};
/* End PBXProject section */

/* Begin PBXResourcesBuildPhase section */
		70710CF81C771390001B6D31 /* Resources */ = {
			isa = PBXResourcesBuildPhase;
			buildActionMask = 2147483647;
			files = (
				70710D151C771508001B6D31 /* apps.plist in Resources */,
				70710D0D1C771390001B6D31 /* LaunchScreen.storyboard in Resources */,
				70710D0A1C771390001B6D31 /* Assets.xcassets in Resources */,
				70710D081C771390001B6D31 /* Main.storyboard in Resources */,
			);
			runOnlyForDeploymentPostprocessing = 0;
		};
/* End PBXResourcesBuildPhase section */

/* Begin PBXSourcesBuildPhase section */
		70710CF61C771390001B6D31 /* Sources */ = {
			isa = PBXSourcesBuildPhase;
			buildActionMask = 2147483647;
			files = (
				701FC4E81C7968C3007596AB /* UIImageView+HighlightedWebCache.m in Sources */,
				701FC4E61C7968C3007596AB /* UIImage+MultiFormat.m in Sources */,
				701FC4E11C7968C3007596AB /* SDWebImageDownloaderOperation.m in Sources */,
				70710D181C771597001B6D31 /* XMGAPP.m in Sources */,
				701FC4DE1C7968C3007596AB /* SDWebImageCompat.m in Sources */,
				701FC4E51C7968C3007596AB /* UIImage+GIF.m in Sources */,
				701FC4E31C7968C3007596AB /* SDWebImagePrefetcher.m in Sources */,
				70710D051C771390001B6D31 /* ViewController.m in Sources */,
				70710D021C771390001B6D31 /* AppDelegate.m in Sources */,
				701FC4E71C7968C3007596AB /* UIImage+WebP.m in Sources */,
				701FC4E91C7968C3007596AB /* UIImageView+WebCache.m in Sources */,
				701FC4E01C7968C3007596AB /* SDWebImageDownloader.m in Sources */,
				701FC4EA1C7968C3007596AB /* UIView+WebCacheOperation.m in Sources */,
				701FC4E41C7968C3007596AB /* UIButton+WebCache.m in Sources */,
				701FC4DB1C7968C3007596AB /* MKAnnotationView+WebCache.m in Sources */,
				701FC4DC1C7968C3007596AB /* NSData+ImageContentType.m in Sources */,
				70710CFF1C771390001B6D31 /* main.m in Sources */,
				701FC4E21C7968C3007596AB /* SDWebImageManager.m in Sources */,
				701FC4DF1C7968C3007596AB /* SDWebImageDecoder.m in Sources */,
				701FC4DD1C7968C3007596AB /* SDImageCache.m in Sources */,
			);
			runOnlyForDeploymentPostprocessing = 0;
		};
/* End PBXSourcesBuildPhase section */

/* Begin PBXVariantGroup section */
		70710D061C771390001B6D31 /* Main.storyboard */ = {
			isa = PBXVariantGroup;
			children = (
				70710D071C771390001B6D31 /* Base */,
			);
			name = Main.storyboard;
			sourceTree = "<group>";
		};
		70710D0B1C771390001B6D31 /* LaunchScreen.storyboard */ = {
			isa = PBXVariantGroup;
			children = (
				70710D0C1C771390001B6D31 /* Base */,
			);
			name = LaunchScreen.storyboard;
			sourceTree = "<group>";
		};
/* End PBXVariantGroup section */

/* Begin XCBuildConfiguration section */
		70710D0F1C771390001B6D31 /* Debug */ = {
			isa = XCBuildConfiguration;
			buildSettings = {
				ALWAYS_SEARCH_USER_PATHS = NO;
				CLANG_CXX_LANGUAGE_STANDARD = "gnu++0x";
				CLANG_CXX_LIBRARY = "libc++";
				CLANG_ENABLE_MODULES = YES;
				CLANG_ENABLE_OBJC_ARC = YES;
				CLANG_WARN_BOOL_CONVERSION = YES;
				CLANG_WARN_CONSTANT_CONVERSION = YES;
				CLANG_WARN_DIRECT_OBJC_ISA_USAGE = YES_ERROR;
				CLANG_WARN_EMPTY_BODY = YES;
				CLANG_WARN_ENUM_CONVERSION = YES;
				CLANG_WARN_INT_CONVERSION = YES;
				CLANG_WARN_OBJC_ROOT_CLASS = YES_ERROR;
				CLANG_WARN_UNREACHABLE_CODE = YES;
				CLANG_WARN__DUPLICATE_METHOD_MATCH = YES;
				"CODE_SIGN_IDENTITY[sdk=iphoneos*]" = "iPhone Developer";
				COPY_PHASE_STRIP = NO;
				DEBUG_INFORMATION_FORMAT = dwarf;
				ENABLE_STRICT_OBJC_MSGSEND = YES;
				ENABLE_TESTABILITY = YES;
				GCC_C_LANGUAGE_STANDARD = gnu99;
				GCC_DYNAMIC_NO_PIC = NO;
				GCC_NO_COMMON_BLOCKS = YES;
				GCC_OPTIMIZATION_LEVEL = 0;
				GCC_PREPROCESSOR_DEFINITIONS = (
					"DEBUG=1",
					"$(inherited)",
				);
				GCC_WARN_64_TO_32_BIT_CONVERSION = YES;
				GCC_WARN_ABOUT_RETURN_TYPE = YES_ERROR;
				GCC_WARN_UNDECLARED_SELECTOR = YES;
				GCC_WARN_UNINITIALIZED_AUTOS = YES_AGGRESSIVE;
				GCC_WARN_UNUSED_FUNCTION = YES;
				GCC_WARN_UNUSED_VARIABLE = YES;
				IPHONEOS_DEPLOYMENT_TARGET = 9.2;
				MTL_ENABLE_DEBUG_INFO = YES;
				ONLY_ACTIVE_ARCH = YES;
				SDKROOT = iphoneos;
			};
			name = Debug;
		};
		70710D101C771390001B6D31 /* Release */ = {
			isa = XCBuildConfiguration;
			buildSettings = {
				ALWAYS_SEARCH_USER_PATHS = NO;
				CLANG_CXX_LANGUAGE_STANDARD = "gnu++0x";
				CLANG_CXX_LIBRARY = "libc++";
				CLANG_ENABLE_MODULES = YES;
				CLANG_ENABLE_OBJC_ARC = YES;
				CLANG_WARN_BOOL_CONVERSION = YES;
				CLANG_WARN_CONSTANT_CONVERSION = YES;
				CLANG_WARN_DIRECT_OBJC_ISA_USAGE = YES_ERROR;
				CLANG_WARN_EMPTY_BODY = YES;
				CLANG_WARN_ENUM_CONVERSION = YES;
				CLANG_WARN_INT_CONVERSION = YES;
				CLANG_WARN_OBJC_ROOT_CLASS = YES_ERROR;
				CLANG_WARN_UNREACHABLE_CODE = YES;
				CLANG_WARN__DUPLICATE_METHOD_MATCH = YES;
				"CODE_SIGN_IDENTITY[sdk=iphoneos*]" = "iPhone Developer";
				COPY_PHASE_STRIP = NO;
				DEBUG_INFORMATION_FORMAT = "dwarf-with-dsym";
				ENABLE_NS_ASSERTIONS = NO;
				ENABLE_STRICT_OBJC_MSGSEND = YES;
				GCC_C_LANGUAGE_STANDARD = gnu99;
				GCC_NO_COMMON_BLOCKS = YES;
				GCC_WARN_64_TO_32_BIT_CONVERSION = YES;
				GCC_WARN_ABOUT_RETURN_TYPE = YES_ERROR;
				GCC_WARN_UNDECLARED_SELECTOR = YES;
				GCC_WARN_UNINITIALIZED_AUTOS = YES_AGGRESSIVE;
				GCC_WARN_UNUSED_FUNCTION = YES;
				GCC_WARN_UNUSED_VARIABLE = YES;
				IPHONEOS_DEPLOYMENT_TARGET = 9.2;
				MTL_ENABLE_DEBUG_INFO = NO;
				SDKROOT = iphoneos;
				VALIDATE_PRODUCT = YES;
			};
			name = Release;
		};
		70710D121C771390001B6D31 /* Debug */ = {
			isa = XCBuildConfiguration;
			buildSettings = {
				ASSETCATALOG_COMPILER_APPICON_NAME = AppIcon;
				INFOPLIST_FILE = "12-掌握-多图下载综合案例-数据展示/Info.plist";
				LD_RUNPATH_SEARCH_PATHS = "$(inherited) @executable_path/Frameworks";
				PRODUCT_BUNDLE_IDENTIFIER = "com.520it.-2-----------------";
				PRODUCT_NAME = "$(TARGET_NAME)";
			};
			name = Debug;
		};
		70710D131C771390001B6D31 /* Release */ = {
			isa = XCBuildConfiguration;
			buildSettings = {
				ASSETCATALOG_COMPILER_APPICON_NAME = AppIcon;
				INFOPLIST_FILE = "12-掌握-多图下载综合案例-数据展示/Info.plist";
				LD_RUNPATH_SEARCH_PATHS = "$(inherited) @executable_path/Frameworks";
				PRODUCT_BUNDLE_IDENTIFIER = "com.520it.-2-----------------";
				PRODUCT_NAME = "$(TARGET_NAME)";
			};
			name = Release;
		};
/* End XCBuildConfiguration section */

/* Begin XCConfigurationList section */
		70710CF51C771390001B6D31 /* Build configuration list for PBXProject "12-掌握-多图下载综合案例-数据展示" */ = {
			isa = XCConfigurationList;
			buildConfigurations = (
				70710D0F1C771390001B6D31 /* Debug */,
				70710D101C771390001B6D31 /* Release */,
			);
			defaultConfigurationIsVisible = 0;
			defaultConfigurationName = Release;
		};
		70710D111C771390001B6D31 /* Build configuration list for PBXNativeTarget "12-掌握-多图下载综合案例-数据展示" */ = {
			isa = XCConfigurationList;
			buildConfigurations = (
				70710D121C771390001B6D31 /* Debug */,
				70710D131C771390001B6D31 /* Release */,
			);
			defaultConfigurationIsVisible = 0;
			defaultConfigurationName = Release;
		};
/* End XCConfigurationList section */
	};
	rootObject = 70710CF21C771390001B6D31 /* Project object */;
}
