// !$*UTF8*$!
{
	archiveVersion = 1;
	classes = {
	};
	objectVersion = 46;
	objects = {

/* Begin PBXBuildFile section */
		70DD2D831C478D6F00507269 /* main.m in Sources */ = {isa = PBXBuildFile; fileRef = 70DD2D821C478D6F00507269 /* main.m */; };
		70DD2D861C478D6F00507269 /* AppDelegate.m in Sources */ = {isa = PBXBuildFile; fileRef = 70DD2D851C478D6F00507269 /* AppDelegate.m */; };
		70DD2D891C478D6F00507269 /* ViewController.m in Sources */ = {isa = PBXBuildFile; fileRef = 70DD2D881C478D6F00507269 /* ViewController.m */; };
		70DD2D8C1C478D6F00507269 /* Main.storyboard in Resources */ = {isa = PBXBuildFile; fileRef = 70DD2D8A1C478D6F00507269 /* Main.storyboard */; };
		70DD2D8E1C478D6F00507269 /* Assets.xcassets in Resources */ = {isa = PBXBuildFile; fileRef = 70DD2D8D1C478D6F00507269 /* Assets.xcassets */; };
		70DD2D911C478D6F00507269 /* LaunchScreen.storyboard in Resources */ = {isa = PBXBuildFile; fileRef = 70DD2D8F1C478D6F00507269 /* LaunchScreen.storyboard */; };
		70DD2D9A1C478DD100507269 /* XMGViewController.m in Sources */ = {isa = PBXBuildFile; fileRef = 70DD2D991C478DD100507269 /* XMGViewController.m */; };
		70DD2D9C1C478E6000507269 /* One.xib in Resources */ = {isa = PBXBuildFile; fileRef = 70DD2D9B1C478E6000507269 /* One.xib */; };
		70DD2D9E1C478FAB00507269 /* XMGView.xib in Resources */ = {isa = PBXBuildFile; fileRef = 70DD2D9D1C478FAB00507269 /* XMGView.xib */; };
		70DD2DA01C478FED00507269 /* XMGViewController.xib in Resources */ = {isa = PBXBuildFile; fileRef = 70DD2D9F1C478FED00507269 /* XMGViewController.xib */; };
		70DD2DA41C4791C400507269 /* TwoViewController.m in Sources */ = {isa = PBXBuildFile; fileRef = 70DD2DA21C4791C400507269 /* TwoViewController.m */; };
		70DD2DA51C4791C400507269 /* TwoViewController.xib in Resources */ = {isa = PBXBuildFile; fileRef = 70DD2DA31C4791C400507269 /* TwoViewController.xib */; };
/* End PBXBuildFile section */

/* Begin PBXFileReference section */
		70DD2D7E1C478D6F00507269 /* 09-通过Xib加载控制器(掌握).app */ = {isa = PBXFileReference; explicitFileType = wrapper.application; includeInIndex = 0; path = "09-通过Xib加载控制器(掌握).app"; sourceTree = BUILT_PRODUCTS_DIR; };
		70DD2D821C478D6F00507269 /* main.m */ = {isa = PBXFileReference; lastKnownFileType = sourcecode.c.objc; path = main.m; sourceTree = "<group>"; };
		70DD2D841C478D6F00507269 /* AppDelegate.h */ = {isa = PBXFileReference; lastKnownFileType = sourcecode.c.h; path = AppDelegate.h; sourceTree = "<group>"; };
		70DD2D851C478D6F00507269 /* AppDelegate.m */ = {isa = PBXFileReference; lastKnownFileType = sourcecode.c.objc; path = AppDelegate.m; sourceTree = "<group>"; };
		70DD2D871C478D6F00507269 /* ViewController.h */ = {isa = PBXFileReference; lastKnownFileType = sourcecode.c.h; path = ViewController.h; sourceTree = "<group>"; };
		70DD2D881C478D6F00507269 /* ViewController.m */ = {isa = PBXFileReference; lastKnownFileType = sourcecode.c.objc; path = ViewController.m; sourceTree = "<group>"; };
		70DD2D8B1C478D6F00507269 /* Base */ = {isa = PBXFileReference; lastKnownFileType = file.storyboard; name = Base; path = Base.lproj/Main.storyboard; sourceTree = "<group>"; };
		70DD2D8D1C478D6F00507269 /* Assets.xcassets */ = {isa = PBXFileReference; lastKnownFileType = folder.assetcatalog; path = Assets.xcassets; sourceTree = "<group>"; };
		70DD2D901C478D6F00507269 /* Base */ = {isa = PBXFileReference; lastKnownFileType = file.storyboard; name = Base; path = Base.lproj/LaunchScreen.storyboard; sourceTree = "<group>"; };
		70DD2D921C478D6F00507269 /* Info.plist */ = {isa = PBXFileReference; lastKnownFileType = text.plist.xml; path = Info.plist; sourceTree = "<group>"; };
		70DD2D981C478DD100507269 /* XMGViewController.h */ = {isa = PBXFileReference; fileEncoding = 4; lastKnownFileType = sourcecode.c.h; path = XMGViewController.h; sourceTree = "<group>"; };
		70DD2D991C478DD100507269 /* XMGViewController.m */ = {isa = PBXFileReference; fileEncoding = 4; lastKnownFileType = sourcecode.c.objc; path = XMGViewController.m; sourceTree = "<group>"; };
		70DD2D9B1C478E6000507269 /* One.xib */ = {isa = PBXFileReference; fileEncoding = 4; lastKnownFileType = file.xib; path = One.xib; sourceTree = "<group>"; };
		70DD2D9D1C478FAB00507269 /* XMGView.xib */ = {isa = PBXFileReference; fileEncoding = 4; lastKnownFileType = file.xib; path = XMGView.xib; sourceTree = "<group>"; };
		70DD2D9F1C478FED00507269 /* XMGViewController.xib */ = {isa = PBXFileReference; fileEncoding = 4; lastKnownFileType = file.xib; path = XMGViewController.xib; sourceTree = "<group>"; };
		70DD2DA11C4791C400507269 /* TwoViewController.h */ = {isa = PBXFileReference; fileEncoding = 4; lastKnownFileType = sourcecode.c.h; path = TwoViewController.h; sourceTree = "<group>"; };
		70DD2DA21C4791C400507269 /* TwoViewController.m */ = {isa = PBXFileReference; fileEncoding = 4; lastKnownFileType = sourcecode.c.objc; path = TwoViewController.m; sourceTree = "<group>"; };
		70DD2DA31C4791C400507269 /* TwoViewController.xib */ = {isa = PBXFileReference; fileEncoding = 4; lastKnownFileType = file.xib; path = TwoViewController.xib; sourceTree = "<group>"; };
/* End PBXFileReference section */

/* Begin PBXFrameworksBuildPhase section */
		70DD2D7B1C478D6F00507269 /* Frameworks */ = {
			isa = PBXFrameworksBuildPhase;
			buildActionMask = 2147483647;
			files = (
			);
			runOnlyForDeploymentPostprocessing = 0;
		};
/* End PBXFrameworksBuildPhase section */

/* Begin PBXGroup section */
		70DD2D751C478D6F00507269 = {
			isa = PBXGroup;
			children = (
				70DD2D801C478D6F00507269 /* 09-通过Xib加载控制器(掌握) */,
				70DD2D7F1C478D6F00507269 /* Products */,
			);
			sourceTree = "<group>";
		};
		70DD2D7F1C478D6F00507269 /* Products */ = {
			isa = PBXGroup;
			children = (
				70DD2D7E1C478D6F00507269 /* 09-通过Xib加载控制器(掌握).app */,
			);
			name = Products;
			sourceTree = "<group>";
		};
		70DD2D801C478D6F00507269 /* 09-通过Xib加载控制器(掌握) */ = {
			isa = PBXGroup;
			children = (
				70DD2D841C478D6F00507269 /* AppDelegate.h */,
				70DD2D851C478D6F00507269 /* AppDelegate.m */,
				70DD2D871C478D6F00507269 /* ViewController.h */,
				70DD2D881C478D6F00507269 /* ViewController.m */,
				70DD2D981C478DD100507269 /* XMGViewController.h */,
				70DD2D991C478DD100507269 /* XMGViewController.m */,
				70DD2DA11C4791C400507269 /* TwoViewController.h */,
				70DD2DA21C4791C400507269 /* TwoViewController.m */,
				70DD2DA31C4791C400507269 /* TwoViewController.xib */,
				70DD2D9B1C478E6000507269 /* One.xib */,
				70DD2D9D1C478FAB00507269 /* XMGView.xib */,
				70DD2D9F1C478FED00507269 /* XMGViewController.xib */,
				70DD2D8A1C478D6F00507269 /* Main.storyboard */,
				70DD2D8D1C478D6F00507269 /* Assets.xcassets */,
				70DD2D8F1C478D6F00507269 /* LaunchScreen.storyboard */,
				70DD2D921C478D6F00507269 /* Info.plist */,
				70DD2D811C478D6F00507269 /* Supporting Files */,
			);
			path = "09-通过Xib加载控制器(掌握)";
			sourceTree = "<group>";
		};
		70DD2D811C478D6F00507269 /* Supporting Files */ = {
			isa = PBXGroup;
			children = (
				70DD2D821C478D6F00507269 /* main.m */,
			);
			name = "Supporting Files";
			sourceTree = "<group>";
		};
/* End PBXGroup section */

/* Begin PBXNativeTarget section */
		70DD2D7D1C478D6F00507269 /* 09-通过Xib加载控制器(掌握) */ = {
			isa = PBXNativeTarget;
			buildConfigurationList = 70DD2D951C478D6F00507269 /* Build configuration list for PBXNativeTarget "09-通过Xib加载控制器(掌握)" */;
			buildPhases = (
				70DD2D7A1C478D6F00507269 /* Sources */,
				70DD2D7B1C478D6F00507269 /* Frameworks */,
				70DD2D7C1C478D6F00507269 /* Resources */,
			);
			buildRules = (
			);
			dependencies = (
			);
			name = "09-通过Xib加载控制器(掌握)";
			productName = "09-通过Xib加载控制器(掌握)";
			productReference = 70DD2D7E1C478D6F00507269 /* 09-通过Xib加载控制器(掌握).app */;
			productType = "com.apple.product-type.application";
		};
/* End PBXNativeTarget section */

/* Begin PBXProject section */
		70DD2D761C478D6F00507269 /* Project object */ = {
			isa = PBXProject;
			attributes = {
				LastUpgradeCheck = 0720;
				ORGANIZATIONNAME = "小码哥";
				TargetAttributes = {
					70DD2D7D1C478D6F00507269 = {
						CreatedOnToolsVersion = 7.2;
					};
				};
			};
			buildConfigurationList = 70DD2D791C478D6F00507269 /* Build configuration list for PBXProject "09-通过Xib加载控制器(掌握)" */;
			compatibilityVersion = "Xcode 3.2";
			developmentRegion = English;
			hasScannedForEncodings = 0;
			knownRegions = (
				en,
				Base,
			);
			mainGroup = 70DD2D751C478D6F00507269;
			productRefGroup = 70DD2D7F1C478D6F00507269 /* Products */;
			projectDirPath = "";
			projectRoot = "";
			targets = (
				70DD2D7D1C478D6F00507269 /* 09-通过Xib加载控制器(掌握) */,
			);
		};
/* End PBXProject section */

/* Begin PBXResourcesBuildPhase section */
		70DD2D7C1C478D6F00507269 /* Resources */ = {
			isa = PBXResourcesBuildPhase;
			buildActionMask = 2147483647;
			files = (
				70DD2D911C478D6F00507269 /* LaunchScreen.storyboard in Resources */,
				70DD2D9E1C478FAB00507269 /* XMGView.xib in Resources */,
				70DD2D8E1C478D6F00507269 /* Assets.xcassets in Resources */,
				70DD2D9C1C478E6000507269 /* One.xib in Resources */,
				70DD2D8C1C478D6F00507269 /* Main.storyboard in Resources */,
				70DD2DA01C478FED00507269 /* XMGViewController.xib in Resources */,
				70DD2DA51C4791C400507269 /* TwoViewController.xib in Resources */,
			);
			runOnlyForDeploymentPostprocessing = 0;
		};
/* End PBXResourcesBuildPhase section */

/* Begin PBXSourcesBuildPhase section */
		70DD2D7A1C478D6F00507269 /* Sources */ = {
			isa = PBXSourcesBuildPhase;
			buildActionMask = 2147483647;
			files = (
				70DD2D891C478D6F00507269 /* ViewController.m in Sources */,
				70DD2D9A1C478DD100507269 /* XMGViewController.m in Sources */,
				70DD2D861C478D6F00507269 /* AppDelegate.m in Sources */,
				70DD2DA41C4791C400507269 /* TwoViewController.m in Sources */,
				70DD2D831C478D6F00507269 /* main.m in Sources */,
			);
			runOnlyForDeploymentPostprocessing = 0;
		};
/* End PBXSourcesBuildPhase section */

/* Begin PBXVariantGroup section */
		70DD2D8A1C478D6F00507269 /* Main.storyboard */ = {
			isa = PBXVariantGroup;
			children = (
				70DD2D8B1C478D6F00507269 /* Base */,
			);
			name = Main.storyboard;
			sourceTree = "<group>";
		};
		70DD2D8F1C478D6F00507269 /* LaunchScreen.storyboard */ = {
			isa = PBXVariantGroup;
			children = (
				70DD2D901C478D6F00507269 /* Base */,
			);
			name = LaunchScreen.storyboard;
			sourceTree = "<group>";
		};
/* End PBXVariantGroup section */

/* Begin XCBuildConfiguration section */
		70DD2D931C478D6F00507269 /* Debug */ = {
			isa = XCBuildConfiguration;
			buildSettings = {
				ALWAYS_SEARCH_USER_PATHS = NO;
				CLANG_CXX_LANGUAGE_STANDARD = "gnu++0x";
				CLANG_CXX_LIBRARY = "libc++";
				CLANG_ENABLE_MODULES = YES;
				CLANG_ENABLE_OBJC_ARC = YES;
				CLANG_WARN_BOOL_CONVERSION = YES;
				CLANG_WARN_CONSTANT_CONVERSION = YES;
				CLANG_WARN_DIRECT_OBJC_ISA_USAGE = YES_ERROR;
				CLANG_WARN_EMPTY_BODY = YES;
				CLANG_WARN_ENUM_CONVERSION = YES;
				CLANG_WARN_INT_CONVERSION = YES;
				CLANG_WARN_OBJC_ROOT_CLASS = YES_ERROR;
				CLANG_WARN_UNREACHABLE_CODE = YES;
				CLANG_WARN__DUPLICATE_METHOD_MATCH = YES;
				"CODE_SIGN_IDENTITY[sdk=iphoneos*]" = "iPhone Developer";
				COPY_PHASE_STRIP = NO;
				DEBUG_INFORMATION_FORMAT = dwarf;
				ENABLE_STRICT_OBJC_MSGSEND = YES;
				ENABLE_TESTABILITY = YES;
				GCC_C_LANGUAGE_STANDARD = gnu99;
				GCC_DYNAMIC_NO_PIC = NO;
				GCC_NO_COMMON_BLOCKS = YES;
				GCC_OPTIMIZATION_LEVEL = 0;
				GCC_PREPROCESSOR_DEFINITIONS = (
					"DEBUG=1",
					"$(inherited)",
				);
				GCC_WARN_64_TO_32_BIT_CONVERSION = YES;
				GCC_WARN_ABOUT_RETURN_TYPE = YES_ERROR;
				GCC_WARN_UNDECLARED_SELECTOR = YES;
				GCC_WARN_UNINITIALIZED_AUTOS = YES_AGGRESSIVE;
				GCC_WARN_UNUSED_FUNCTION = YES;
				GCC_WARN_UNUSED_VARIABLE = YES;
				IPHONEOS_DEPLOYMENT_TARGET = 9.2;
				MTL_ENABLE_DEBUG_INFO = YES;
				ONLY_ACTIVE_ARCH = YES;
				SDKROOT = iphoneos;
			};
			name = Debug;
		};
		70DD2D941C478D6F00507269 /* Release */ = {
			isa = XCBuildConfiguration;
			buildSettings = {
				ALWAYS_SEARCH_USER_PATHS = NO;
				CLANG_CXX_LANGUAGE_STANDARD = "gnu++0x";
				CLANG_CXX_LIBRARY = "libc++";
				CLANG_ENABLE_MODULES = YES;
				CLANG_ENABLE_OBJC_ARC = YES;
				CLANG_WARN_BOOL_CONVERSION = YES;
				CLANG_WARN_CONSTANT_CONVERSION = YES;
				CLANG_WARN_DIRECT_OBJC_ISA_USAGE = YES_ERROR;
				CLANG_WARN_EMPTY_BODY = YES;
				CLANG_WARN_ENUM_CONVERSION = YES;
				CLANG_WARN_INT_CONVERSION = YES;
				CLANG_WARN_OBJC_ROOT_CLASS = YES_ERROR;
				CLANG_WARN_UNREACHABLE_CODE = YES;
				CLANG_WARN__DUPLICATE_METHOD_MATCH = YES;
				"CODE_SIGN_IDENTITY[sdk=iphoneos*]" = "iPhone Developer";
				COPY_PHASE_STRIP = NO;
				DEBUG_INFORMATION_FORMAT = "dwarf-with-dsym";
				ENABLE_NS_ASSERTIONS = NO;
				ENABLE_STRICT_OBJC_MSGSEND = YES;
				GCC_C_LANGUAGE_STANDARD = gnu99;
				GCC_NO_COMMON_BLOCKS = YES;
				GCC_WARN_64_TO_32_BIT_CONVERSION = YES;
				GCC_WARN_ABOUT_RETURN_TYPE = YES_ERROR;
				GCC_WARN_UNDECLARED_SELECTOR = YES;
				GCC_WARN_UNINITIALIZED_AUTOS = YES_AGGRESSIVE;
				GCC_WARN_UNUSED_FUNCTION = YES;
				GCC_WARN_UNUSED_VARIABLE = YES;
				IPHONEOS_DEPLOYMENT_TARGET = 9.2;
				MTL_ENABLE_DEBUG_INFO = NO;
				SDKROOT = iphoneos;
				VALIDATE_PRODUCT = YES;
			};
			name = Release;
		};
		70DD2D961C478D6F00507269 /* Debug */ = {
			isa = XCBuildConfiguration;
			buildSettings = {
				ASSETCATALOG_COMPILER_APPICON_NAME = AppIcon;
				INFOPLIST_FILE = "09-通过Xib加载控制器(掌握)/Info.plist";
				LD_RUNPATH_SEARCH_PATHS = "$(inherited) @executable_path/Frameworks";
				PRODUCT_BUNDLE_IDENTIFIER = "com.520it.-9---Xib---------";
				PRODUCT_NAME = "$(TARGET_NAME)";
			};
			name = Debug;
		};
		70DD2D971C478D6F00507269 /* Release */ = {
			isa = XCBuildConfiguration;
			buildSettings = {
				ASSETCATALOG_COMPILER_APPICON_NAME = AppIcon;
				INFOPLIST_FILE = "09-通过Xib加载控制器(掌握)/Info.plist";
				LD_RUNPATH_SEARCH_PATHS = "$(inherited) @executable_path/Frameworks";
				PRODUCT_BUNDLE_IDENTIFIER = "com.520it.-9---Xib---------";
				PRODUCT_NAME = "$(TARGET_NAME)";
			};
			name = Release;
		};
/* End XCBuildConfiguration section */

/* Begin XCConfigurationList section */
		70DD2D791C478D6F00507269 /* Build configuration list for PBXProject "09-通过Xib加载控制器(掌握)" */ = {
			isa = XCConfigurationList;
			buildConfigurations = (
				70DD2D931C478D6F00507269 /* Debug */,
				70DD2D941C478D6F00507269 /* Release */,
			);
			defaultConfigurationIsVisible = 0;
			defaultConfigurationName = Release;
		};
		70DD2D951C478D6F00507269 /* Build configuration list for PBXNativeTarget "09-通过Xib加载控制器(掌握)" */ = {
			isa = XCConfigurationList;
			buildConfigurations = (
				70DD2D961C478D6F00507269 /* Debug */,
				70DD2D971C478D6F00507269 /* Release */,
			);
			defaultConfigurationIsVisible = 0;
		};
/* End XCConfigurationList section */
	};
	rootObject = 70DD2D761C478D6F00507269 /* Project object */;
}
